// !$*UTF8*$!
{
	archiveVersion = 1;
	classes = {
	};
	objectVersion = 45;
	objects = {

/* Begin PBXBuildFile section */
		1D60589B0D05DD56006BFB54 /* main.m in Sources */ = {isa = PBXBuildFile; fileRef = 29B97316FDCFA39411CA2CEA /* main.m */; };
		4B180A43124526BB00514A91 /* UIKit.framework in Frameworks */ = {isa = PBXBuildFile; fileRef = 4B180A42124526BB00514A91 /* UIKit.framework */; };
		4B180A47124526D300514A91 /* CoreGraphics.framework in Frameworks */ = {isa = PBXBuildFile; fileRef = 4B180A46124526D300514A91 /* CoreGraphics.framework */; };
		4B180A49124526D300514A91 /* Foundation.framework in Frameworks */ = {isa = PBXBuildFile; fileRef = 4B180A48124526D300514A91 /* Foundation.framework */; };
		4B180A4B124526D300514A91 /* MobileCoreServices.framework in Frameworks */ = {isa = PBXBuildFile; fileRef = 4B180A4A124526D300514A91 /* MobileCoreServices.framework */; };
		4B180A4D124526D300514A91 /* QuartzCore.framework in Frameworks */ = {isa = PBXBuildFile; fileRef = 4B180A4C124526D300514A91 /* QuartzCore.framework */; };
		4B180A4F124526D300514A91 /* Security.framework in Frameworks */ = {isa = PBXBuildFile; fileRef = 4B180A4E124526D300514A91 /* Security.framework */; };
		4B389A7712450F1A00F1EDEB /* AddUploadGlyph.png in Resources */ = {isa = PBXBuildFile; fileRef = 4B389A4812450F1A00F1EDEB /* AddUploadGlyph.png */; };
		4B389A7812450F1A00F1EDEB /* AddUploadGlyph@2x.png in Resources */ = {isa = PBXBuildFile; fileRef = 4B389A4912450F1A00F1EDEB /* AddUploadGlyph@2x.png */; };
		4B389A7912450F1A00F1EDEB /* ArrowViewArrow.png in Resources */ = {isa = PBXBuildFile; fileRef = 4B389A4A12450F1A00F1EDEB /* ArrowViewArrow.png */; };
		4B389A7A12450F1A00F1EDEB /* ArrowViewArrow@2x.png in Resources */ = {isa = PBXBuildFile; fileRef = 4B389A4B12450F1A00F1EDEB /* ArrowViewArrow@2x.png */; };
		4B389A7B12450F1A00F1EDEB /* ArrowViewMask.png in Resources */ = {isa = PBXBuildFile; fileRef = 4B389A4C12450F1A00F1EDEB /* ArrowViewMask.png */; };
		4B389A7C12450F1A00F1EDEB /* ArrowViewMask@2x.png in Resources */ = {isa = PBXBuildFile; fileRef = 4B389A4D12450F1A00F1EDEB /* ArrowViewMask@2x.png */; };
		4B389A7D12450F1A00F1EDEB /* ArrowViewTouchedGlow.png in Resources */ = {isa = PBXBuildFile; fileRef = 4B389A4E12450F1A00F1EDEB /* ArrowViewTouchedGlow.png */; };
		4B389A7E12450F1A00F1EDEB /* ArrowViewTouchedGlow@2x.png in Resources */ = {isa = PBXBuildFile; fileRef = 4B389A4F12450F1A00F1EDEB /* ArrowViewTouchedGlow@2x.png */; };
		4B389A7F12450F1A00F1EDEB /* ArrowViewUntouchedGlow.png in Resources */ = {isa = PBXBuildFile; fileRef = 4B389A5012450F1A00F1EDEB /* ArrowViewUntouchedGlow.png */; };
		4B389A8012450F1A00F1EDEB /* ArrowViewUntouchedGlow@2x.png in Resources */ = {isa = PBXBuildFile; fileRef = 4B389A5112450F1A00F1EDEB /* ArrowViewUntouchedGlow@2x.png */; };
		4B389A8112450F1A00F1EDEB /* BigSpinner.png in Resources */ = {isa = PBXBuildFile; fileRef = 4B389A5212450F1A00F1EDEB /* BigSpinner.png */; };
		4B389A8212450F1A00F1EDEB /* BigSpinner@2x.png in Resources */ = {isa = PBXBuildFile; fileRef = 4B389A5312450F1A00F1EDEB /* BigSpinner@2x.png */; };
		4B389A8312450F1A00F1EDEB /* BlueBarItemDisabled.png in Resources */ = {isa = PBXBuildFile; fileRef = 4B389A5412450F1A00F1EDEB /* BlueBarItemDisabled.png */; };
		4B389A8412450F1A00F1EDEB /* BlueBarItemDisabled@2x.png in Resources */ = {isa = PBXBuildFile; fileRef = 4B389A5512450F1A00F1EDEB /* BlueBarItemDisabled@2x.png */; };
		4B389A8512450F1A00F1EDEB /* BlueBarItemHighlighted.png in Resources */ = {isa = PBXBuildFile; fileRef = 4B389A5612450F1A00F1EDEB /* BlueBarItemHighlighted.png */; };
		4B389A8612450F1A00F1EDEB /* BlueBarItemHighlighted@2x.png in Resources */ = {isa = PBXBuildFile; fileRef = 4B389A5712450F1A00F1EDEB /* BlueBarItemHighlighted@2x.png */; };
		4B389A8712450F1A00F1EDEB /* BlueBarItemNormal.png in Resources */ = {isa = PBXBuildFile; fileRef = 4B389A5812450F1A00F1EDEB /* BlueBarItemNormal.png */; };
		4B389A8812450F1A00F1EDEB /* BlueBarItemNormal@2x.png in Resources */ = {isa = PBXBuildFile; fileRef = 4B389A5912450F1A00F1EDEB /* BlueBarItemNormal@2x.png */; };
		4B389A8912450F1A00F1EDEB /* BlueNavBarBG.png in Resources */ = {isa = PBXBuildFile; fileRef = 4B389A5A12450F1A00F1EDEB /* BlueNavBarBG.png */; };
		4B389A8A12450F1A00F1EDEB /* BlueNavBarBG@2x.png in Resources */ = {isa = PBXBuildFile; fileRef = 4B389A5B12450F1A00F1EDEB /* BlueNavBarBG@2x.png */; };
		4B389A8B12450F1A00F1EDEB /* CheckeredBackground.png in Resources */ = {isa = PBXBuildFile; fileRef = 4B389A5C12450F1A00F1EDEB /* CheckeredBackground.png */; };
		4B389A8C12450F1A00F1EDEB /* CheckeredBackground@2x.png in Resources */ = {isa = PBXBuildFile; fileRef = 4B389A5D12450F1A00F1EDEB /* CheckeredBackground@2x.png */; };
		4B389A8D12450F1A00F1EDEB /* Default.png in Resources */ = {isa = PBXBuildFile; fileRef = 4B389A5E12450F1A00F1EDEB /* Default.png */; };
		4B389A8E12450F1A00F1EDEB /* Default@2x.png in Resources */ = {isa = PBXBuildFile; fileRef = 4B389A5F12450F1A00F1EDEB /* Default@2x.png */; };
		4B389A8F12450F1A00F1EDEB /* ErrorGlyph.png in Resources */ = {isa = PBXBuildFile; fileRef = 4B389A6012450F1A00F1EDEB /* ErrorGlyph.png */; };
		4B389A9012450F1A00F1EDEB /* ErrorGlyph@2x.png in Resources */ = {isa = PBXBuildFile; fileRef = 4B389A6112450F1A00F1EDEB /* ErrorGlyph@2x.png */; };
		4B389A9112450F1A00F1EDEB /* HUDRoundedRect.png in Resources */ = {isa = PBXBuildFile; fileRef = 4B389A6212450F1A00F1EDEB /* HUDRoundedRect.png */; };
		4B389A9212450F1A00F1EDEB /* HUDRoundedRect@2x.png in Resources */ = {isa = PBXBuildFile; fileRef = 4B389A6312450F1A00F1EDEB /* HUDRoundedRect@2x.png */; };
		4B389A9312450F1A00F1EDEB /* Icon.png in Resources */ = {isa = PBXBuildFile; fileRef = 4B389A6412450F1A00F1EDEB /* Icon.png */; };
		4B389A9412450F1A00F1EDEB /* Icon@2x.png in Resources */ = {isa = PBXBuildFile; fileRef = 4B389A6512450F1A00F1EDEB /* Icon@2x.png */; };
		4B389A9512450F1A00F1EDEB /* NavBarTransparent.png in Resources */ = {isa = PBXBuildFile; fileRef = 4B389A6612450F1A00F1EDEB /* NavBarTransparent.png */; };
		4B389A9612450F1A00F1EDEB /* NavBarTransparent@2x.png in Resources */ = {isa = PBXBuildFile; fileRef = 4B389A6712450F1A00F1EDEB /* NavBarTransparent@2x.png */; };
		4B389A9712450F1A00F1EDEB /* SettingsCogGlyph.png in Resources */ = {isa = PBXBuildFile; fileRef = 4B389A6812450F1A00F1EDEB /* SettingsCogGlyph.png */; };
		4B389A9812450F1A00F1EDEB /* SettingsCogGlyph@2x.png in Resources */ = {isa = PBXBuildFile; fileRef = 4B389A6912450F1A00F1EDEB /* SettingsCogGlyph@2x.png */; };
		4B389A9912450F1A00F1EDEB /* SuccessGlyph.png in Resources */ = {isa = PBXBuildFile; fileRef = 4B389A6A12450F1A00F1EDEB /* SuccessGlyph.png */; };
		4B389A9A12450F1A00F1EDEB /* SuccessGlyph@2x.png in Resources */ = {isa = PBXBuildFile; fileRef = 4B389A6B12450F1A00F1EDEB /* SuccessGlyph@2x.png */; };
		4B389A9B12450F1A00F1EDEB /* TexturedBackground.png in Resources */ = {isa = PBXBuildFile; fileRef = 4B389A6C12450F1A00F1EDEB /* TexturedBackground.png */; };
		4B389A9C12450F1A00F1EDEB /* TexturedBackground@2x.png in Resources */ = {isa = PBXBuildFile; fileRef = 4B389A6D12450F1A00F1EDEB /* TexturedBackground@2x.png */; };
		4B389A9D12450F1A00F1EDEB /* TexturedBackgroundWithGlyph.png in Resources */ = {isa = PBXBuildFile; fileRef = 4B389A6E12450F1A00F1EDEB /* TexturedBackgroundWithGlyph.png */; };
		4B389A9E12450F1A00F1EDEB /* TexturedBackgroundWithGlyph@2x.png in Resources */ = {isa = PBXBuildFile; fileRef = 4B389A6F12450F1A00F1EDEB /* TexturedBackgroundWithGlyph@2x.png */; };
		4B389A9F12450F1A00F1EDEB /* ToolbarGradient.png in Resources */ = {isa = PBXBuildFile; fileRef = 4B389A7012450F1A00F1EDEB /* ToolbarGradient.png */; };
		4B389AA012450F1A00F1EDEB /* ToolbarGradient@2x.png in Resources */ = {isa = PBXBuildFile; fileRef = 4B389A7112450F1A00F1EDEB /* ToolbarGradient@2x.png */; };
		4B389AA112450F1A00F1EDEB /* CLSettingsViewController.xib in Resources */ = {isa = PBXBuildFile; fileRef = 4B389A7312450F1A00F1EDEB /* CLSettingsViewController.xib */; };
		4B389AA212450F1A00F1EDEB /* CLUploadViewController.xib in Resources */ = {isa = PBXBuildFile; fileRef = 4B389A7412450F1A00F1EDEB /* CLUploadViewController.xib */; };
		4B389AA312450F1A00F1EDEB /* MainWindow.xib in Resources */ = {isa = PBXBuildFile; fileRef = 4B389A7512450F1A00F1EDEB /* MainWindow.xib */; };
		4B389AA412450F1A00F1EDEB /* NPHUDController.xib in Resources */ = {isa = PBXBuildFile; fileRef = 4B389A7612450F1A00F1EDEB /* NPHUDController.xib */; };
		4B389B5E12450F4F00F1EDEB /* NSString+NPAdditions.m in Sources */ = {isa = PBXBuildFile; fileRef = 4B389B1412450F4F00F1EDEB /* NSString+NPAdditions.m */; };
		4B389B6012450F4F00F1EDEB /* UIImage+NPResizing.m in Sources */ = {isa = PBXBuildFile; fileRef = 4B389B1812450F4F00F1EDEB /* UIImage+NPResizing.m */; };
		4B389B6112450F4F00F1EDEB /* BSJSONEncoder.m in Sources */ = {isa = PBXBuildFile; fileRef = 4B389B1C12450F4F00F1EDEB /* BSJSONEncoder.m */; };
		4B389B6212450F4F00F1EDEB /* NSArray+BSJSONAdditions.m in Sources */ = {isa = PBXBuildFile; fileRef = 4B389B1E12450F4F00F1EDEB /* NSArray+BSJSONAdditions.m */; };
		4B389B6312450F4F00F1EDEB /* NSDictionary+BSJSONAdditions.m in Sources */ = {isa = PBXBuildFile; fileRef = 4B389B2012450F4F00F1EDEB /* NSDictionary+BSJSONAdditions.m */; };
		4B389B6412450F4F00F1EDEB /* NSScanner+BSJSONAdditions.m in Sources */ = {isa = PBXBuildFile; fileRef = 4B389B2212450F4F00F1EDEB /* NSScanner+BSJSONAdditions.m */; };
		4B389B6512450F4F00F1EDEB /* NSString+BSJSONAdditions.m in Sources */ = {isa = PBXBuildFile; fileRef = 4B389B2412450F4F00F1EDEB /* NSString+BSJSONAdditions.m */; };
		4B389B6612450F4F00F1EDEB /* NSMutableURLRequest+NPPOSTBody.m in Sources */ = {isa = PBXBuildFile; fileRef = 4B389B2712450F4F00F1EDEB /* NSMutableURLRequest+NPPOSTBody.m */; };
		4B389B6712450F4F00F1EDEB /* NSString+NPAdditions.m in Sources */ = {isa = PBXBuildFile; fileRef = 4B389B2912450F4F00F1EDEB /* NSString+NPAdditions.m */; };
		4B389B6812450F4F00F1EDEB /* NSString+NPMimeType.m in Sources */ = {isa = PBXBuildFile; fileRef = 4B389B2B12450F4F00F1EDEB /* NSString+NPMimeType.m */; };
		4B389B6912450F4F00F1EDEB /* CLAPIEngine.m in Sources */ = {isa = PBXBuildFile; fileRef = 4B389B2D12450F4F00F1EDEB /* CLAPIEngine.m */; };
		4B389B6A12450F4F00F1EDEB /* CLAccount.m in Sources */ = {isa = PBXBuildFile; fileRef = 4B389B3112450F4F00F1EDEB /* CLAccount.m */; };
		4B389B6B12450F4F00F1EDEB /* CLURLConnection.m in Sources */ = {isa = PBXBuildFile; fileRef = 4B389B3312450F4F00F1EDEB /* CLURLConnection.m */; };
		4B389B6C12450F4F00F1EDEB /* CLWebItem.m in Sources */ = {isa = PBXBuildFile; fileRef = 4B389B3512450F4F00F1EDEB /* CLWebItem.m */; };
		4B389B6D12450F4F00F1EDEB /* CLFileUpload.m in Sources */ = {isa = PBXBuildFile; fileRef = 4B389B3812450F4F00F1EDEB /* CLFileUpload.m */; };
		4B389B6E12450F4F00F1EDEB /* CLRedirectUpload.m in Sources */ = {isa = PBXBuildFile; fileRef = 4B389B3A12450F4F00F1EDEB /* CLRedirectUpload.m */; };
		4B389B6F12450F4F00F1EDEB /* CLTextUpload.m in Sources */ = {isa = PBXBuildFile; fileRef = 4B389B3C12450F4F00F1EDEB /* CLTextUpload.m */; };
		4B389B7012450F4F00F1EDEB /* CLUpload.m in Sources */ = {isa = PBXBuildFile; fileRef = 4B389B3E12450F4F00F1EDEB /* CLUpload.m */; };
		4B389B7112450F4F00F1EDEB /* CloudAppDelegate.m in Sources */ = {isa = PBXBuildFile; fileRef = 4B389B4012450F4F00F1EDEB /* CloudAppDelegate.m */; };
		4B389B7212450F4F00F1EDEB /* CLSettingsViewController.m in Sources */ = {isa = PBXBuildFile; fileRef = 4B389B4312450F4F00F1EDEB /* CLSettingsViewController.m */; };
		4B389B7312450F4F00F1EDEB /* CLUploadViewController.m in Sources */ = {isa = PBXBuildFile; fileRef = 4B389B4512450F4F00F1EDEB /* CLUploadViewController.m */; };
		4B389B7412450F4F00F1EDEB /* NPBlockImagePickerController.m in Sources */ = {isa = PBXBuildFile; fileRef = 4B389B4712450F4F00F1EDEB /* NPBlockImagePickerController.m */; };
		4B389B7512450F4F00F1EDEB /* NPHUDController.m in Sources */ = {isa = PBXBuildFile; fileRef = 4B389B4912450F4F00F1EDEB /* NPHUDController.m */; };
		4B389B7612450F4F00F1EDEB /* CLCredentialHandler.m in Sources */ = {isa = PBXBuildFile; fileRef = 4B389B4C12450F4F00F1EDEB /* CLCredentialHandler.m */; };
		4B389B7712450F4F00F1EDEB /* SFHFKeychainUtils.m in Sources */ = {isa = PBXBuildFile; fileRef = 4B389B5012450F4F00F1EDEB /* SFHFKeychainUtils.m */; };
		4B389B7812450F4F00F1EDEB /* CLArrowView.m in Sources */ = {isa = PBXBuildFile; fileRef = 4B389B5312450F4F00F1EDEB /* CLArrowView.m */; };
		4B389B7912450F4F00F1EDEB /* CLBigSpinnerView.m in Sources */ = {isa = PBXBuildFile; fileRef = 4B389B5512450F4F00F1EDEB /* CLBigSpinnerView.m */; };
		4B389B7A12450F4F00F1EDEB /* NPBlockActionSheet.m in Sources */ = {isa = PBXBuildFile; fileRef = 4B389B5712450F4F00F1EDEB /* NPBlockActionSheet.m */; };
		4B389B7B12450F4F00F1EDEB /* NPBlockBarButtonItem.m in Sources */ = {isa = PBXBuildFile; fileRef = 4B389B5912450F4F00F1EDEB /* NPBlockBarButtonItem.m */; };
		4B389B7C12450F4F00F1EDEB /* NPImageNavigationBar.m in Sources */ = {isa = PBXBuildFile; fileRef = 4B389B5B12450F4F00F1EDEB /* NPImageNavigationBar.m */; };
		4B389B7D12450F4F00F1EDEB /* NPImageToolbar.m in Sources */ = {isa = PBXBuildFile; fileRef = 4B389B5D12450F4F00F1EDEB /* NPImageToolbar.m */; };
/* End PBXBuildFile section */

/* Begin PBXFileReference section */
		1D6058910D05DD3D006BFB54 /* CloudApp.app */ = {isa = PBXFileReference; explicitFileType = wrapper.application; includeInIndex = 0; path = CloudApp.app; sourceTree = BUILT_PRODUCTS_DIR; };
		29B97316FDCFA39411CA2CEA /* main.m */ = {isa = PBXFileReference; fileEncoding = 4; lastKnownFileType = sourcecode.c.objc; path = main.m; sourceTree = "<group>"; };
		32CA4F630368D1EE00C91783 /* CloudApp_Prefix.pch */ = {isa = PBXFileReference; fileEncoding = 4; lastKnownFileType = sourcecode.c.h; path = CloudApp_Prefix.pch; sourceTree = "<group>"; };
		4B180A42124526BB00514A91 /* UIKit.framework */ = {isa = PBXFileReference; lastKnownFileType = wrapper.framework; name = UIKit.framework; path = System/Library/Frameworks/UIKit.framework; sourceTree = SDKROOT; };
		4B180A46124526D300514A91 /* CoreGraphics.framework */ = {isa = PBXFileReference; lastKnownFileType = wrapper.framework; name = CoreGraphics.framework; path = System/Library/Frameworks/CoreGraphics.framework; sourceTree = SDKROOT; };
		4B180A48124526D300514A91 /* Foundation.framework */ = {isa = PBXFileReference; lastKnownFileType = wrapper.framework; name = Foundation.framework; path = System/Library/Frameworks/Foundation.framework; sourceTree = SDKROOT; };
		4B180A4A124526D300514A91 /* MobileCoreServices.framework */ = {isa = PBXFileReference; lastKnownFileType = wrapper.framework; name = MobileCoreServices.framework; path = System/Library/Frameworks/MobileCoreServices.framework; sourceTree = SDKROOT; };
		4B180A4C124526D300514A91 /* QuartzCore.framework */ = {isa = PBXFileReference; lastKnownFileType = wrapper.framework; name = QuartzCore.framework; path = System/Library/Frameworks/QuartzCore.framework; sourceTree = SDKROOT; };
		4B180A4E124526D300514A91 /* Security.framework */ = {isa = PBXFileReference; lastKnownFileType = wrapper.framework; name = Security.framework; path = System/Library/Frameworks/Security.framework; sourceTree = SDKROOT; };
		4B389A4812450F1A00F1EDEB /* AddUploadGlyph.png */ = {isa = PBXFileReference; lastKnownFileType = image.png; path = AddUploadGlyph.png; sourceTree = "<group>"; };
		4B389A4912450F1A00F1EDEB /* AddUploadGlyph@2x.png */ = {isa = PBXFileReference; lastKnownFileType = image.png; path = "AddUploadGlyph@2x.png"; sourceTree = "<group>"; };
		4B389A4A12450F1A00F1EDEB /* ArrowViewArrow.png */ = {isa = PBXFileReference; lastKnownFileType = image.png; path = ArrowViewArrow.png; sourceTree = "<group>"; };
		4B389A4B12450F1A00F1EDEB /* ArrowViewArrow@2x.png */ = {isa = PBXFileReference; lastKnownFileType = image.png; path = "ArrowViewArrow@2x.png"; sourceTree = "<group>"; };
		4B389A4C12450F1A00F1EDEB /* ArrowViewMask.png */ = {isa = PBXFileReference; lastKnownFileType = image.png; path = ArrowViewMask.png; sourceTree = "<group>"; };
		4B389A4D12450F1A00F1EDEB /* ArrowViewMask@2x.png */ = {isa = PBXFileReference; lastKnownFileType = image.png; path = "ArrowViewMask@2x.png"; sourceTree = "<group>"; };
		4B389A4E12450F1A00F1EDEB /* ArrowViewTouchedGlow.png */ = {isa = PBXFileReference; lastKnownFileType = image.png; path = ArrowViewTouchedGlow.png; sourceTree = "<group>"; };
		4B389A4F12450F1A00F1EDEB /* ArrowViewTouchedGlow@2x.png */ = {isa = PBXFileReference; lastKnownFileType = image.png; path = "ArrowViewTouchedGlow@2x.png"; sourceTree = "<group>"; };
		4B389A5012450F1A00F1EDEB /* ArrowViewUntouchedGlow.png */ = {isa = PBXFileReference; lastKnownFileType = image.png; path = ArrowViewUntouchedGlow.png; sourceTree = "<group>"; };
		4B389A5112450F1A00F1EDEB /* ArrowViewUntouchedGlow@2x.png */ = {isa = PBXFileReference; lastKnownFileType = image.png; path = "ArrowViewUntouchedGlow@2x.png"; sourceTree = "<group>"; };
		4B389A5212450F1A00F1EDEB /* BigSpinner.png */ = {isa = PBXFileReference; lastKnownFileType = image.png; path = BigSpinner.png; sourceTree = "<group>"; };
		4B389A5312450F1A00F1EDEB /* BigSpinner@2x.png */ = {isa = PBXFileReference; lastKnownFileType = image.png; path = "BigSpinner@2x.png"; sourceTree = "<group>"; };
		4B389A5412450F1A00F1EDEB /* BlueBarItemDisabled.png */ = {isa = PBXFileReference; lastKnownFileType = image.png; path = BlueBarItemDisabled.png; sourceTree = "<group>"; };
		4B389A5512450F1A00F1EDEB /* BlueBarItemDisabled@2x.png */ = {isa = PBXFileReference; lastKnownFileType = image.png; path = "BlueBarItemDisabled@2x.png"; sourceTree = "<group>"; };
		4B389A5612450F1A00F1EDEB /* BlueBarItemHighlighted.png */ = {isa = PBXFileReference; lastKnownFileType = image.png; path = BlueBarItemHighlighted.png; sourceTree = "<group>"; };
		4B389A5712450F1A00F1EDEB /* BlueBarItemHighlighted@2x.png */ = {isa = PBXFileReference; lastKnownFileType = image.png; path = "BlueBarItemHighlighted@2x.png"; sourceTree = "<group>"; };
		4B389A5812450F1A00F1EDEB /* BlueBarItemNormal.png */ = {isa = PBXFileReference; lastKnownFileType = image.png; path = BlueBarItemNormal.png; sourceTree = "<group>"; };
		4B389A5912450F1A00F1EDEB /* BlueBarItemNormal@2x.png */ = {isa = PBXFileReference; lastKnownFileType = image.png; path = "BlueBarItemNormal@2x.png"; sourceTree = "<group>"; };
		4B389A5A12450F1A00F1EDEB /* BlueNavBarBG.png */ = {isa = PBXFileReference; lastKnownFileType = image.png; path = BlueNavBarBG.png; sourceTree = "<group>"; };
		4B389A5B12450F1A00F1EDEB /* BlueNavBarBG@2x.png */ = {isa = PBXFileReference; lastKnownFileType = image.png; path = "BlueNavBarBG@2x.png"; sourceTree = "<group>"; };
		4B389A5C12450F1A00F1EDEB /* CheckeredBackground.png */ = {isa = PBXFileReference; lastKnownFileType = image.png; path = CheckeredBackground.png; sourceTree = "<group>"; };
		4B389A5D12450F1A00F1EDEB /* CheckeredBackground@2x.png */ = {isa = PBXFileReference; lastKnownFileType = image.png; path = "CheckeredBackground@2x.png"; sourceTree = "<group>"; };
		4B389A5E12450F1A00F1EDEB /* Default.png */ = {isa = PBXFileReference; lastKnownFileType = image.png; path = Default.png; sourceTree = "<group>"; };
		4B389A5F12450F1A00F1EDEB /* Default@2x.png */ = {isa = PBXFileReference; lastKnownFileType = image.png; path = "Default@2x.png"; sourceTree = "<group>"; };
		4B389A6012450F1A00F1EDEB /* ErrorGlyph.png */ = {isa = PBXFileReference; lastKnownFileType = image.png; path = ErrorGlyph.png; sourceTree = "<group>"; };
		4B389A6112450F1A00F1EDEB /* ErrorGlyph@2x.png */ = {isa = PBXFileReference; lastKnownFileType = image.png; path = "ErrorGlyph@2x.png"; sourceTree = "<group>"; };
		4B389A6212450F1A00F1EDEB /* HUDRoundedRect.png */ = {isa = PBXFileReference; lastKnownFileType = image.png; path = HUDRoundedRect.png; sourceTree = "<group>"; };
		4B389A6312450F1A00F1EDEB /* HUDRoundedRect@2x.png */ = {isa = PBXFileReference; lastKnownFileType = image.png; path = "HUDRoundedRect@2x.png"; sourceTree = "<group>"; };
		4B389A6412450F1A00F1EDEB /* Icon.png */ = {isa = PBXFileReference; lastKnownFileType = image.png; path = Icon.png; sourceTree = "<group>"; };
		4B389A6512450F1A00F1EDEB /* Icon@2x.png */ = {isa = PBXFileReference; lastKnownFileType = image.png; path = "Icon@2x.png"; sourceTree = "<group>"; };
		4B389A6612450F1A00F1EDEB /* NavBarTransparent.png */ = {isa = PBXFileReference; lastKnownFileType = image.png; path = NavBarTransparent.png; sourceTree = "<group>"; };
		4B389A6712450F1A00F1EDEB /* NavBarTransparent@2x.png */ = {isa = PBXFileReference; lastKnownFileType = image.png; path = "NavBarTransparent@2x.png"; sourceTree = "<group>"; };
		4B389A6812450F1A00F1EDEB /* SettingsCogGlyph.png */ = {isa = PBXFileReference; lastKnownFileType = image.png; path = SettingsCogGlyph.png; sourceTree = "<group>"; };
		4B389A6912450F1A00F1EDEB /* SettingsCogGlyph@2x.png */ = {isa = PBXFileReference; lastKnownFileType = image.png; path = "SettingsCogGlyph@2x.png"; sourceTree = "<group>"; };
		4B389A6A12450F1A00F1EDEB /* SuccessGlyph.png */ = {isa = PBXFileReference; lastKnownFileType = image.png; path = SuccessGlyph.png; sourceTree = "<group>"; };
		4B389A6B12450F1A00F1EDEB /* SuccessGlyph@2x.png */ = {isa = PBXFileReference; lastKnownFileType = image.png; path = "SuccessGlyph@2x.png"; sourceTree = "<group>"; };
		4B389A6C12450F1A00F1EDEB /* TexturedBackground.png */ = {isa = PBXFileReference; lastKnownFileType = image.png; path = TexturedBackground.png; sourceTree = "<group>"; };
		4B389A6D12450F1A00F1EDEB /* TexturedBackground@2x.png */ = {isa = PBXFileReference; lastKnownFileType = image.png; path = "TexturedBackground@2x.png"; sourceTree = "<group>"; };
		4B389A6E12450F1A00F1EDEB /* TexturedBackgroundWithGlyph.png */ = {isa = PBXFileReference; lastKnownFileType = image.png; path = TexturedBackgroundWithGlyph.png; sourceTree = "<group>"; };
		4B389A6F12450F1A00F1EDEB /* TexturedBackgroundWithGlyph@2x.png */ = {isa = PBXFileReference; lastKnownFileType = image.png; path = "TexturedBackgroundWithGlyph@2x.png"; sourceTree = "<group>"; };
		4B389A7012450F1A00F1EDEB /* ToolbarGradient.png */ = {isa = PBXFileReference; lastKnownFileType = image.png; path = ToolbarGradient.png; sourceTree = "<group>"; };
		4B389A7112450F1A00F1EDEB /* ToolbarGradient@2x.png */ = {isa = PBXFileReference; lastKnownFileType = image.png; path = "ToolbarGradient@2x.png"; sourceTree = "<group>"; };
		4B389A7312450F1A00F1EDEB /* CLSettingsViewController.xib */ = {isa = PBXFileReference; lastKnownFileType = file.xib; path = CLSettingsViewController.xib; sourceTree = "<group>"; };
		4B389A7412450F1A00F1EDEB /* CLUploadViewController.xib */ = {isa = PBXFileReference; lastKnownFileType = file.xib; path = CLUploadViewController.xib; sourceTree = "<group>"; };
		4B389A7512450F1A00F1EDEB /* MainWindow.xib */ = {isa = PBXFileReference; lastKnownFileType = file.xib; path = MainWindow.xib; sourceTree = "<group>"; };
		4B389A7612450F1A00F1EDEB /* NPHUDController.xib */ = {isa = PBXFileReference; lastKnownFileType = file.xib; path = NPHUDController.xib; sourceTree = "<group>"; };
		4B389B1312450F4F00F1EDEB /* NSString+NPAdditions.h */ = {isa = PBXFileReference; fileEncoding = 4; lastKnownFileType = sourcecode.c.h; path = "NSString+NPAdditions.h"; sourceTree = "<group>"; };
		4B389B1412450F4F00F1EDEB /* NSString+NPAdditions.m */ = {isa = PBXFileReference; fileEncoding = 4; lastKnownFileType = sourcecode.c.objc; path = "NSString+NPAdditions.m"; sourceTree = "<group>"; };
		4B389B1712450F4F00F1EDEB /* UIImage+NPResizing.h */ = {isa = PBXFileReference; fileEncoding = 4; lastKnownFileType = sourcecode.c.h; path = "UIImage+NPResizing.h"; sourceTree = "<group>"; };
		4B389B1812450F4F00F1EDEB /* UIImage+NPResizing.m */ = {isa = PBXFileReference; fileEncoding = 4; lastKnownFileType = sourcecode.c.objc; path = "UIImage+NPResizing.m"; sourceTree = "<group>"; };
		4B389B1B12450F4F00F1EDEB /* BSJSONEncoder.h */ = {isa = PBXFileReference; fileEncoding = 4; lastKnownFileType = sourcecode.c.h; path = BSJSONEncoder.h; sourceTree = "<group>"; };
		4B389B1C12450F4F00F1EDEB /* BSJSONEncoder.m */ = {isa = PBXFileReference; fileEncoding = 4; lastKnownFileType = sourcecode.c.objc; path = BSJSONEncoder.m; sourceTree = "<group>"; };
		4B389B1D12450F4F00F1EDEB /* NSArray+BSJSONAdditions.h */ = {isa = PBXFileReference; fileEncoding = 4; lastKnownFileType = sourcecode.c.h; path = "NSArray+BSJSONAdditions.h"; sourceTree = "<group>"; };
		4B389B1E12450F4F00F1EDEB /* NSArray+BSJSONAdditions.m */ = {isa = PBXFileReference; fileEncoding = 4; lastKnownFileType = sourcecode.c.objc; path = "NSArray+BSJSONAdditions.m"; sourceTree = "<group>"; };
		4B389B1F12450F4F00F1EDEB /* NSDictionary+BSJSONAdditions.h */ = {isa = PBXFileReference; fileEncoding = 4; lastKnownFileType = sourcecode.c.h; path = "NSDictionary+BSJSONAdditions.h"; sourceTree = "<group>"; };
		4B389B2012450F4F00F1EDEB /* NSDictionary+BSJSONAdditions.m */ = {isa = PBXFileReference; fileEncoding = 4; lastKnownFileType = sourcecode.c.objc; path = "NSDictionary+BSJSONAdditions.m"; sourceTree = "<group>"; };
		4B389B2112450F4F00F1EDEB /* NSScanner+BSJSONAdditions.h */ = {isa = PBXFileReference; fileEncoding = 4; lastKnownFileType = sourcecode.c.h; path = "NSScanner+BSJSONAdditions.h"; sourceTree = "<group>"; };
		4B389B2212450F4F00F1EDEB /* NSScanner+BSJSONAdditions.m */ = {isa = PBXFileReference; fileEncoding = 4; lastKnownFileType = sourcecode.c.objc; path = "NSScanner+BSJSONAdditions.m"; sourceTree = "<group>"; };
		4B389B2312450F4F00F1EDEB /* NSString+BSJSONAdditions.h */ = {isa = PBXFileReference; fileEncoding = 4; lastKnownFileType = sourcecode.c.h; path = "NSString+BSJSONAdditions.h"; sourceTree = "<group>"; };
		4B389B2412450F4F00F1EDEB /* NSString+BSJSONAdditions.m */ = {isa = PBXFileReference; fileEncoding = 4; lastKnownFileType = sourcecode.c.objc; path = "NSString+BSJSONAdditions.m"; sourceTree = "<group>"; };
		4B389B2612450F4F00F1EDEB /* NSMutableURLRequest+NPPOSTBody.h */ = {isa = PBXFileReference; fileEncoding = 4; lastKnownFileType = sourcecode.c.h; path = "NSMutableURLRequest+NPPOSTBody.h"; sourceTree = "<group>"; };
		4B389B2712450F4F00F1EDEB /* NSMutableURLRequest+NPPOSTBody.m */ = {isa = PBXFileReference; fileEncoding = 4; lastKnownFileType = sourcecode.c.objc; path = "NSMutableURLRequest+NPPOSTBody.m"; sourceTree = "<group>"; };
		4B389B2812450F4F00F1EDEB /* NSString+NPAdditions.h */ = {isa = PBXFileReference; fileEncoding = 4; lastKnownFileType = sourcecode.c.h; path = "NSString+NPAdditions.h"; sourceTree = "<group>"; };
		4B389B2912450F4F00F1EDEB /* NSString+NPAdditions.m */ = {isa = PBXFileReference; fileEncoding = 4; lastKnownFileType = sourcecode.c.objc; path = "NSString+NPAdditions.m"; sourceTree = "<group>"; };
		4B389B2A12450F4F00F1EDEB /* NSString+NPMimeType.h */ = {isa = PBXFileReference; fileEncoding = 4; lastKnownFileType = sourcecode.c.h; path = "NSString+NPMimeType.h"; sourceTree = "<group>"; };
		4B389B2B12450F4F00F1EDEB /* NSString+NPMimeType.m */ = {isa = PBXFileReference; fileEncoding = 4; lastKnownFileType = sourcecode.c.objc; path = "NSString+NPMimeType.m"; sourceTree = "<group>"; };
		4B389B2C12450F4F00F1EDEB /* CLAPIEngine.h */ = {isa = PBXFileReference; fileEncoding = 4; lastKnownFileType = sourcecode.c.h; path = CLAPIEngine.h; sourceTree = "<group>"; };
		4B389B2D12450F4F00F1EDEB /* CLAPIEngine.m */ = {isa = PBXFileReference; fileEncoding = 4; lastKnownFileType = sourcecode.c.objc; path = CLAPIEngine.m; sourceTree = "<group>"; };
		4B389B2E12450F4F00F1EDEB /* CLAPIEngineDelegate.h */ = {isa = PBXFileReference; fileEncoding = 4; lastKnownFileType = sourcecode.c.h; path = CLAPIEngineDelegate.h; sourceTree = "<group>"; };
		4B389B3012450F4F00F1EDEB /* CLAccount.h */ = {isa = PBXFileReference; fileEncoding = 4; lastKnownFileType = sourcecode.c.h; path = CLAccount.h; sourceTree = "<group>"; };
		4B389B3112450F4F00F1EDEB /* CLAccount.m */ = {isa = PBXFileReference; fileEncoding = 4; lastKnownFileType = sourcecode.c.objc; path = CLAccount.m; sourceTree = "<group>"; };
		4B389B3212450F4F00F1EDEB /* CLURLConnection.h */ = {isa = PBXFileReference; fileEncoding = 4; lastKnownFileType = sourcecode.c.h; path = CLURLConnection.h; sourceTree = "<group>"; };
		4B389B3312450F4F00F1EDEB /* CLURLConnection.m */ = {isa = PBXFileReference; fileEncoding = 4; lastKnownFileType = sourcecode.c.objc; path = CLURLConnection.m; sourceTree = "<group>"; };
		4B389B3412450F4F00F1EDEB /* CLWebItem.h */ = {isa = PBXFileReference; fileEncoding = 4; lastKnownFileType = sourcecode.c.h; path = CLWebItem.h; sourceTree = "<group>"; };
		4B389B3512450F4F00F1EDEB /* CLWebItem.m */ = {isa = PBXFileReference; fileEncoding = 4; lastKnownFileType = sourcecode.c.objc; path = CLWebItem.m; sourceTree = "<group>"; };
		4B389B3712450F4F00F1EDEB /* CLFileUpload.h */ = {isa = PBXFileReference; fileEncoding = 4; lastKnownFileType = sourcecode.c.h; path = CLFileUpload.h; sourceTree = "<group>"; };
		4B389B3812450F4F00F1EDEB /* CLFileUpload.m */ = {isa = PBXFileReference; fileEncoding = 4; lastKnownFileType = sourcecode.c.objc; path = CLFileUpload.m; sourceTree = "<group>"; };
		4B389B3912450F4F00F1EDEB /* CLRedirectUpload.h */ = {isa = PBXFileReference; fileEncoding = 4; lastKnownFileType = sourcecode.c.h; path = CLRedirectUpload.h; sourceTree = "<group>"; };
		4B389B3A12450F4F00F1EDEB /* CLRedirectUpload.m */ = {isa = PBXFileReference; fileEncoding = 4; lastKnownFileType = sourcecode.c.objc; path = CLRedirectUpload.m; sourceTree = "<group>"; };
		4B389B3B12450F4F00F1EDEB /* CLTextUpload.h */ = {isa = PBXFileReference; fileEncoding = 4; lastKnownFileType = sourcecode.c.h; path = CLTextUpload.h; sourceTree = "<group>"; };
		4B389B3C12450F4F00F1EDEB /* CLTextUpload.m */ = {isa = PBXFileReference; fileEncoding = 4; lastKnownFileType = sourcecode.c.objc; path = CLTextUpload.m; sourceTree = "<group>"; };
		4B389B3D12450F4F00F1EDEB /* CLUpload.h */ = {isa = PBXFileReference; fileEncoding = 4; lastKnownFileType = sourcecode.c.h; path = CLUpload.h; sourceTree = "<group>"; };
		4B389B3E12450F4F00F1EDEB /* CLUpload.m */ = {isa = PBXFileReference; fileEncoding = 4; lastKnownFileType = sourcecode.c.objc; path = CLUpload.m; sourceTree = "<group>"; };
		4B389B3F12450F4F00F1EDEB /* CloudAppDelegate.h */ = {isa = PBXFileReference; fileEncoding = 4; lastKnownFileType = sourcecode.c.h; path = CloudAppDelegate.h; sourceTree = "<group>"; };
		4B389B4012450F4F00F1EDEB /* CloudAppDelegate.m */ = {isa = PBXFileReference; fileEncoding = 4; lastKnownFileType = sourcecode.c.objc; path = CloudAppDelegate.m; sourceTree = "<group>"; };
		4B389B4212450F4F00F1EDEB /* CLSettingsViewController.h */ = {isa = PBXFileReference; fileEncoding = 4; lastKnownFileType = sourcecode.c.h; path = CLSettingsViewController.h; sourceTree = "<group>"; };
		4B389B4312450F4F00F1EDEB /* CLSettingsViewController.m */ = {isa = PBXFileReference; fileEncoding = 4; lastKnownFileType = sourcecode.c.objc; path = CLSettingsViewController.m; sourceTree = "<group>"; };
		4B389B4412450F4F00F1EDEB /* CLUploadViewController.h */ = {isa = PBXFileReference; fileEncoding = 4; lastKnownFileType = sourcecode.c.h; path = CLUploadViewController.h; sourceTree = "<group>"; };
		4B389B4512450F4F00F1EDEB /* CLUploadViewController.m */ = {isa = PBXFileReference; fileEncoding = 4; lastKnownFileType = sourcecode.c.objc; path = CLUploadViewController.m; sourceTree = "<group>"; };
		4B389B4612450F4F00F1EDEB /* NPBlockImagePickerController.h */ = {isa = PBXFileReference; fileEncoding = 4; lastKnownFileType = sourcecode.c.h; path = NPBlockImagePickerController.h; sourceTree = "<group>"; };
		4B389B4712450F4F00F1EDEB /* NPBlockImagePickerController.m */ = {isa = PBXFileReference; fileEncoding = 4; lastKnownFileType = sourcecode.c.objc; path = NPBlockImagePickerController.m; sourceTree = "<group>"; };
		4B389B4812450F4F00F1EDEB /* NPHUDController.h */ = {isa = PBXFileReference; fileEncoding = 4; lastKnownFileType = sourcecode.c.h; path = NPHUDController.h; sourceTree = "<group>"; };
		4B389B4912450F4F00F1EDEB /* NPHUDController.m */ = {isa = PBXFileReference; fileEncoding = 4; lastKnownFileType = sourcecode.c.objc; path = NPHUDController.m; sourceTree = "<group>"; };
		4B389B4B12450F4F00F1EDEB /* CLCredentialHandler.h */ = {isa = PBXFileReference; fileEncoding = 4; lastKnownFileType = sourcecode.c.h; path = CLCredentialHandler.h; sourceTree = "<group>"; };
		4B389B4C12450F4F00F1EDEB /* CLCredentialHandler.m */ = {isa = PBXFileReference; fileEncoding = 4; lastKnownFileType = sourcecode.c.objc; path = CLCredentialHandler.m; sourceTree = "<group>"; };
		4B389B4F12450F4F00F1EDEB /* SFHFKeychainUtils.h */ = {isa = PBXFileReference; fileEncoding = 4; lastKnownFileType = sourcecode.c.h; path = SFHFKeychainUtils.h; sourceTree = "<group>"; };
		4B389B5012450F4F00F1EDEB /* SFHFKeychainUtils.m */ = {isa = PBXFileReference; fileEncoding = 4; lastKnownFileType = sourcecode.c.objc; path = SFHFKeychainUtils.m; sourceTree = "<group>"; };
		4B389B5212450F4F00F1EDEB /* CLArrowView.h */ = {isa = PBXFileReference; fileEncoding = 4; lastKnownFileType = sourcecode.c.h; path = CLArrowView.h; sourceTree = "<group>"; };
		4B389B5312450F4F00F1EDEB /* CLArrowView.m */ = {isa = PBXFileReference; fileEncoding = 4; lastKnownFileType = sourcecode.c.objc; path = CLArrowView.m; sourceTree = "<group>"; };
		4B389B5412450F4F00F1EDEB /* CLBigSpinnerView.h */ = {isa = PBXFileReference; fileEncoding = 4; lastKnownFileType = sourcecode.c.h; path = CLBigSpinnerView.h; sourceTree = "<group>"; };
		4B389B5512450F4F00F1EDEB /* CLBigSpinnerView.m */ = {isa = PBXFileReference; fileEncoding = 4; lastKnownFileType = sourcecode.c.objc; path = CLBigSpinnerView.m; sourceTree = "<group>"; };
		4B389B5612450F4F00F1EDEB /* NPBlockActionSheet.h */ = {isa = PBXFileReference; fileEncoding = 4; lastKnownFileType = sourcecode.c.h; path = NPBlockActionSheet.h; sourceTree = "<group>"; };
		4B389B5712450F4F00F1EDEB /* NPBlockActionSheet.m */ = {isa = PBXFileReference; fileEncoding = 4; lastKnownFileType = sourcecode.c.objc; path = NPBlockActionSheet.m; sourceTree = "<group>"; };
		4B389B5812450F4F00F1EDEB /* NPBlockBarButtonItem.h */ = {isa = PBXFileReference; fileEncoding = 4; lastKnownFileType = sourcecode.c.h; path = NPBlockBarButtonItem.h; sourceTree = "<group>"; };
		4B389B5912450F4F00F1EDEB /* NPBlockBarButtonItem.m */ = {isa = PBXFileReference; fileEncoding = 4; lastKnownFileType = sourcecode.c.objc; path = NPBlockBarButtonItem.m; sourceTree = "<group>"; };
		4B389B5A12450F4F00F1EDEB /* NPImageNavigationBar.h */ = {isa = PBXFileReference; fileEncoding = 4; lastKnownFileType = sourcecode.c.h; path = NPImageNavigationBar.h; sourceTree = "<group>"; };
		4B389B5B12450F4F00F1EDEB /* NPImageNavigationBar.m */ = {isa = PBXFileReference; fileEncoding = 4; lastKnownFileType = sourcecode.c.objc; path = NPImageNavigationBar.m; sourceTree = "<group>"; };
		4B389B5C12450F4F00F1EDEB /* NPImageToolbar.h */ = {isa = PBXFileReference; fileEncoding = 4; lastKnownFileType = sourcecode.c.h; path = NPImageToolbar.h; sourceTree = "<group>"; };
		4B389B5D12450F4F00F1EDEB /* NPImageToolbar.m */ = {isa = PBXFileReference; fileEncoding = 4; lastKnownFileType = sourcecode.c.objc; path = NPImageToolbar.m; sourceTree = "<group>"; };
		8D1107310486CEB800E47090 /* CloudApp-Info.plist */ = {isa = PBXFileReference; fileEncoding = 4; lastKnownFileType = text.plist.xml; path = "CloudApp-Info.plist"; plistStructureDefinitionIdentifier = "com.apple.xcode.plist.structure-definition.iphone.info-plist"; sourceTree = "<group>"; };
/* End PBXFileReference section */

/* Begin PBXFrameworksBuildPhase section */
		1D60588F0D05DD3D006BFB54 /* Frameworks */ = {
			isa = PBXFrameworksBuildPhase;
			buildActionMask = 2147483647;
			files = (
				4B180A43124526BB00514A91 /* UIKit.framework in Frameworks */,
				4B180A47124526D300514A91 /* CoreGraphics.framework in Frameworks */,
				4B180A49124526D300514A91 /* Foundation.framework in Frameworks */,
				4B180A4B124526D300514A91 /* MobileCoreServices.framework in Frameworks */,
				4B180A4D124526D300514A91 /* QuartzCore.framework in Frameworks */,
				4B180A4F124526D300514A91 /* Security.framework in Frameworks */,
			);
			runOnlyForDeploymentPostprocessing = 0;
		};
/* End PBXFrameworksBuildPhase section */

/* Begin PBXGroup section */
		080E96DDFE201D6D7F000001 /* Classes */ = {
			isa = PBXGroup;
			children = (
				4B389B3F12450F4F00F1EDEB /* CloudAppDelegate.h */,
				4B389B4012450F4F00F1EDEB /* CloudAppDelegate.m */,
				4B389B4A12450F4F00F1EDEB /* Model */,
				4B389B5112450F4F00F1EDEB /* Views */,
				4B389B4112450F4F00F1EDEB /* Controllers */,
				4B389B1912450F4F00F1EDEB /* CLAPIEngine */,
				4B389B4D12450F4F00F1EDEB /* Third Party */,
				4B389B1212450F4F00F1EDEB /* Categories */,
			);
			path = Classes;
			sourceTree = "<group>";
		};
		19C28FACFE9D520D11CA2CBB /* Products */ = {
			isa = PBXGroup;
			children = (
				1D6058910D05DD3D006BFB54 /* CloudApp.app */,
			);
			name = Products;
			sourceTree = "<group>";
		};
		29B97314FDCFA39411CA2CEA /* CustomTemplate */ = {
			isa = PBXGroup;
			children = (
				080E96DDFE201D6D7F000001 /* Classes */,
				29B97315FDCFA39411CA2CEA /* Other Sources */,
				29B97317FDCFA39411CA2CEA /* Resources */,
				29B97323FDCFA39411CA2CEA /* Frameworks */,
				19C28FACFE9D520D11CA2CBB /* Products */,
			);
			name = CustomTemplate;
			sourceTree = "<group>";
		};
		29B97315FDCFA39411CA2CEA /* Other Sources */ = {
			isa = PBXGroup;
			children = (
				32CA4F630368D1EE00C91783 /* CloudApp_Prefix.pch */,
				29B97316FDCFA39411CA2CEA /* main.m */,
			);
			name = "Other Sources";
			sourceTree = "<group>";
		};
		29B97317FDCFA39411CA2CEA /* Resources */ = {
			isa = PBXGroup;
			children = (
				4B389A4712450F1A00F1EDEB /* Images */,
				4B389A7212450F1A00F1EDEB /* XIBS */,
				8D1107310486CEB800E47090 /* CloudApp-Info.plist */,
			);
			name = Resources;
			sourceTree = "<group>";
		};
		29B97323FDCFA39411CA2CEA /* Frameworks */ = {
			isa = PBXGroup;
			children = (
				4B180A42124526BB00514A91 /* UIKit.framework */,
				4B180A46124526D300514A91 /* CoreGraphics.framework */,
				4B180A48124526D300514A91 /* Foundation.framework */,
				4B180A4A124526D300514A91 /* MobileCoreServices.framework */,
				4B180A4C124526D300514A91 /* QuartzCore.framework */,
				4B180A4E124526D300514A91 /* Security.framework */,
			);
			name = Frameworks;
			sourceTree = "<group>";
		};
		4B389A4712450F1A00F1EDEB /* Images */ = {
			isa = PBXGroup;
			children = (
				4B389A4812450F1A00F1EDEB /* AddUploadGlyph.png */,
				4B389A4912450F1A00F1EDEB /* AddUploadGlyph@2x.png */,
				4B389A4A12450F1A00F1EDEB /* ArrowViewArrow.png */,
				4B389A4B12450F1A00F1EDEB /* ArrowViewArrow@2x.png */,
				4B389A4C12450F1A00F1EDEB /* ArrowViewMask.png */,
				4B389A4D12450F1A00F1EDEB /* ArrowViewMask@2x.png */,
				4B389A4E12450F1A00F1EDEB /* ArrowViewTouchedGlow.png */,
				4B389A4F12450F1A00F1EDEB /* ArrowViewTouchedGlow@2x.png */,
				4B389A5012450F1A00F1EDEB /* ArrowViewUntouchedGlow.png */,
				4B389A5112450F1A00F1EDEB /* ArrowViewUntouchedGlow@2x.png */,
				4B389A5212450F1A00F1EDEB /* BigSpinner.png */,
				4B389A5312450F1A00F1EDEB /* BigSpinner@2x.png */,
				4B389A5412450F1A00F1EDEB /* BlueBarItemDisabled.png */,
				4B389A5512450F1A00F1EDEB /* BlueBarItemDisabled@2x.png */,
				4B389A5612450F1A00F1EDEB /* BlueBarItemHighlighted.png */,
				4B389A5712450F1A00F1EDEB /* BlueBarItemHighlighted@2x.png */,
				4B389A5812450F1A00F1EDEB /* BlueBarItemNormal.png */,
				4B389A5912450F1A00F1EDEB /* BlueBarItemNormal@2x.png */,
				4B389A5A12450F1A00F1EDEB /* BlueNavBarBG.png */,
				4B389A5B12450F1A00F1EDEB /* BlueNavBarBG@2x.png */,
				4B389A5C12450F1A00F1EDEB /* CheckeredBackground.png */,
				4B389A5D12450F1A00F1EDEB /* CheckeredBackground@2x.png */,
				4B389A5E12450F1A00F1EDEB /* Default.png */,
				4B389A5F12450F1A00F1EDEB /* Default@2x.png */,
				4B389A6012450F1A00F1EDEB /* ErrorGlyph.png */,
				4B389A6112450F1A00F1EDEB /* ErrorGlyph@2x.png */,
				4B389A6212450F1A00F1EDEB /* HUDRoundedRect.png */,
				4B389A6312450F1A00F1EDEB /* HUDRoundedRect@2x.png */,
				4B389A6412450F1A00F1EDEB /* Icon.png */,
				4B389A6512450F1A00F1EDEB /* Icon@2x.png */,
				4B389A6612450F1A00F1EDEB /* NavBarTransparent.png */,
				4B389A6712450F1A00F1EDEB /* NavBarTransparent@2x.png */,
				4B389A6812450F1A00F1EDEB /* SettingsCogGlyph.png */,
				4B389A6912450F1A00F1EDEB /* SettingsCogGlyph@2x.png */,
				4B389A6A12450F1A00F1EDEB /* SuccessGlyph.png */,
				4B389A6B12450F1A00F1EDEB /* SuccessGlyph@2x.png */,
				4B389A6C12450F1A00F1EDEB /* TexturedBackground.png */,
				4B389A6D12450F1A00F1EDEB /* TexturedBackground@2x.png */,
				4B389A6E12450F1A00F1EDEB /* TexturedBackgroundWithGlyph.png */,
				4B389A6F12450F1A00F1EDEB /* TexturedBackgroundWithGlyph@2x.png */,
				4B389A7012450F1A00F1EDEB /* ToolbarGradient.png */,
				4B389A7112450F1A00F1EDEB /* ToolbarGradient@2x.png */,
			);
			name = Images;
			path = Resources/Images;
			sourceTree = "<group>";
		};
		4B389A7212450F1A00F1EDEB /* XIBS */ = {
			isa = PBXGroup;
			children = (
				4B389A7312450F1A00F1EDEB /* CLSettingsViewController.xib */,
				4B389A7412450F1A00F1EDEB /* CLUploadViewController.xib */,
				4B389A7512450F1A00F1EDEB /* MainWindow.xib */,
				4B389A7612450F1A00F1EDEB /* NPHUDController.xib */,
			);
			name = XIBS;
			path = Resources/XIBS;
			sourceTree = "<group>";
		};
		4B389B1212450F4F00F1EDEB /* Categories */ = {
			isa = PBXGroup;
			children = (
				4B389B1312450F4F00F1EDEB /* NSString+NPAdditions.h */,
				4B389B1412450F4F00F1EDEB /* NSString+NPAdditions.m */,
				4B389B1712450F4F00F1EDEB /* UIImage+NPResizing.h */,
				4B389B1812450F4F00F1EDEB /* UIImage+NPResizing.m */,
			);
			path = Categories;
			sourceTree = "<group>";
		};
		4B389B1912450F4F00F1EDEB /* CLAPIEngine */ = {
			isa = PBXGroup;
			children = (
				4B389B1A12450F4F00F1EDEB /* BSJSONAdditions */,
				4B389B2512450F4F00F1EDEB /* Categories */,
				4B389B2C12450F4F00F1EDEB /* CLAPIEngine.h */,
				4B389B2D12450F4F00F1EDEB /* CLAPIEngine.m */,
				4B389B2E12450F4F00F1EDEB /* CLAPIEngineDelegate.h */,
				4B389B2F12450F4F00F1EDEB /* Model */,
			);
			path = CLAPIEngine;
			sourceTree = "<group>";
		};
		4B389B1A12450F4F00F1EDEB /* BSJSONAdditions */ = {
			isa = PBXGroup;
			children = (
				4B389B1B12450F4F00F1EDEB /* BSJSONEncoder.h */,
				4B389B1C12450F4F00F1EDEB /* BSJSONEncoder.m */,
				4B389B1D12450F4F00F1EDEB /* NSArray+BSJSONAdditions.h */,
				4B389B1E12450F4F00F1EDEB /* NSArray+BSJSONAdditions.m */,
				4B389B1F12450F4F00F1EDEB /* NSDictionary+BSJSONAdditions.h */,
				4B389B2012450F4F00F1EDEB /* NSDictionary+BSJSONAdditions.m */,
				4B389B2112450F4F00F1EDEB /* NSScanner+BSJSONAdditions.h */,
				4B389B2212450F4F00F1EDEB /* NSScanner+BSJSONAdditions.m */,
				4B389B2312450F4F00F1EDEB /* NSString+BSJSONAdditions.h */,
				4B389B2412450F4F00F1EDEB /* NSString+BSJSONAdditions.m */,
			);
			path = BSJSONAdditions;
			sourceTree = "<group>";
		};
		4B389B2512450F4F00F1EDEB /* Categories */ = {
			isa = PBXGroup;
			children = (
				4B389B2612450F4F00F1EDEB /* NSMutableURLRequest+NPPOSTBody.h */,
				4B389B2712450F4F00F1EDEB /* NSMutableURLRequest+NPPOSTBody.m */,
				4B389B2812450F4F00F1EDEB /* NSString+NPAdditions.h */,
				4B389B2912450F4F00F1EDEB /* NSString+NPAdditions.m */,
				4B389B2A12450F4F00F1EDEB /* NSString+NPMimeType.h */,
				4B389B2B12450F4F00F1EDEB /* NSString+NPMimeType.m */,
			);
			path = Categories;
			sourceTree = "<group>";
		};
		4B389B2F12450F4F00F1EDEB /* Model */ = {
			isa = PBXGroup;
			children = (
				4B389B3012450F4F00F1EDEB /* CLAccount.h */,
				4B389B3112450F4F00F1EDEB /* CLAccount.m */,
				4B389B3212450F4F00F1EDEB /* CLURLConnection.h */,
				4B389B3312450F4F00F1EDEB /* CLURLConnection.m */,
				4B389B3412450F4F00F1EDEB /* CLWebItem.h */,
				4B389B3512450F4F00F1EDEB /* CLWebItem.m */,
				4B389B3612450F4F00F1EDEB /* Upload Model */,
			);
			path = Model;
			sourceTree = "<group>";
		};
		4B389B3612450F4F00F1EDEB /* Upload Model */ = {
			isa = PBXGroup;
			children = (
				4B389B3712450F4F00F1EDEB /* CLFileUpload.h */,
				4B389B3812450F4F00F1EDEB /* CLFileUpload.m */,
				4B389B3912450F4F00F1EDEB /* CLRedirectUpload.h */,
				4B389B3A12450F4F00F1EDEB /* CLRedirectUpload.m */,
				4B389B3B12450F4F00F1EDEB /* CLTextUpload.h */,
				4B389B3C12450F4F00F1EDEB /* CLTextUpload.m */,
				4B389B3D12450F4F00F1EDEB /* CLUpload.h */,
				4B389B3E12450F4F00F1EDEB /* CLUpload.m */,
			);
			path = "Upload Model";
			sourceTree = "<group>";
		};
		4B389B4112450F4F00F1EDEB /* Controllers */ = {
			isa = PBXGroup;
			children = (
				4B389B4212450F4F00F1EDEB /* CLSettingsViewController.h */,
				4B389B4312450F4F00F1EDEB /* CLSettingsViewController.m */,
				4B389B4412450F4F00F1EDEB /* CLUploadViewController.h */,
				4B389B4512450F4F00F1EDEB /* CLUploadViewController.m */,
				4B389B4612450F4F00F1EDEB /* NPBlockImagePickerController.h */,
				4B389B4712450F4F00F1EDEB /* NPBlockImagePickerController.m */,
				4B389B4812450F4F00F1EDEB /* NPHUDController.h */,
				4B389B4912450F4F00F1EDEB /* NPHUDController.m */,
			);
			path = Controllers;
			sourceTree = "<group>";
		};
		4B389B4A12450F4F00F1EDEB /* Model */ = {
			isa = PBXGroup;
			children = (
				4B389B4B12450F4F00F1EDEB /* CLCredentialHandler.h */,
				4B389B4C12450F4F00F1EDEB /* CLCredentialHandler.m */,
			);
			path = Model;
			sourceTree = "<group>";
		};
		4B389B4D12450F4F00F1EDEB /* Third Party */ = {
			isa = PBXGroup;
			children = (
				4B389B4E12450F4F00F1EDEB /* SFHFKeychainUtils */,
			);
			path = "Third Party";
			sourceTree = "<group>";
		};
		4B389B4E12450F4F00F1EDEB /* SFHFKeychainUtils */ = {
			isa = PBXGroup;
			children = (
				4B389B4F12450F4F00F1EDEB /* SFHFKeychainUtils.h */,
				4B389B5012450F4F00F1EDEB /* SFHFKeychainUtils.m */,
			);
			path = SFHFKeychainUtils;
			sourceTree = "<group>";
		};
		4B389B5112450F4F00F1EDEB /* Views */ = {
			isa = PBXGroup;
			children = (
				4B389B5212450F4F00F1EDEB /* CLArrowView.h */,
				4B389B5312450F4F00F1EDEB /* CLArrowView.m */,
				4B389B5412450F4F00F1EDEB /* CLBigSpinnerView.h */,
				4B389B5512450F4F00F1EDEB /* CLBigSpinnerView.m */,
				4B389B5612450F4F00F1EDEB /* NPBlockActionSheet.h */,
				4B389B5712450F4F00F1EDEB /* NPBlockActionSheet.m */,
				4B389B5812450F4F00F1EDEB /* NPBlockBarButtonItem.h */,
				4B389B5912450F4F00F1EDEB /* NPBlockBarButtonItem.m */,
				4B389B5A12450F4F00F1EDEB /* NPImageNavigationBar.h */,
				4B389B5B12450F4F00F1EDEB /* NPImageNavigationBar.m */,
				4B389B5C12450F4F00F1EDEB /* NPImageToolbar.h */,
				4B389B5D12450F4F00F1EDEB /* NPImageToolbar.m */,
			);
			path = Views;
			sourceTree = "<group>";
		};
/* End PBXGroup section */

/* Begin PBXNativeTarget section */
		1D6058900D05DD3D006BFB54 /* CloudApp */ = {
			isa = PBXNativeTarget;
			buildConfigurationList = 1D6058960D05DD3E006BFB54 /* Build configuration list for PBXNativeTarget "CloudApp" */;
			buildPhases = (
				1D60588D0D05DD3D006BFB54 /* Resources */,
				1D60588E0D05DD3D006BFB54 /* Sources */,
				1D60588F0D05DD3D006BFB54 /* Frameworks */,
			);
			buildRules = (
			);
			dependencies = (
			);
			name = CloudApp;
			productName = CloudApp;
			productReference = 1D6058910D05DD3D006BFB54 /* CloudApp.app */;
			productType = "com.apple.product-type.application";
		};
/* End PBXNativeTarget section */

/* Begin PBXProject section */
		29B97313FDCFA39411CA2CEA /* Project object */ = {
			isa = PBXProject;
			buildConfigurationList = C01FCF4E08A954540054247B /* Build configuration list for PBXProject "CloudApp" */;
			compatibilityVersion = "Xcode 3.1";
			developmentRegion = English;
			hasScannedForEncodings = 1;
			knownRegions = (
				English,
				Japanese,
				French,
				German,
			);
			mainGroup = 29B97314FDCFA39411CA2CEA /* CustomTemplate */;
			projectDirPath = "";
			projectRoot = "";
			targets = (
				1D6058900D05DD3D006BFB54 /* CloudApp */,
			);
		};
/* End PBXProject section */

/* Begin PBXResourcesBuildPhase section */
		1D60588D0D05DD3D006BFB54 /* Resources */ = {
			isa = PBXResourcesBuildPhase;
			buildActionMask = 2147483647;
			files = (
				4B389A7712450F1A00F1EDEB /* AddUploadGlyph.png in Resources */,
				4B389A7812450F1A00F1EDEB /* AddUploadGlyph@2x.png in Resources */,
				4B389A7912450F1A00F1EDEB /* ArrowViewArrow.png in Resources */,
				4B389A7A12450F1A00F1EDEB /* ArrowViewArrow@2x.png in Resources */,
				4B389A7B12450F1A00F1EDEB /* ArrowViewMask.png in Resources */,
				4B389A7C12450F1A00F1EDEB /* ArrowViewMask@2x.png in Resources */,
				4B389A7D12450F1A00F1EDEB /* ArrowViewTouchedGlow.png in Resources */,
				4B389A7E12450F1A00F1EDEB /* ArrowViewTouchedGlow@2x.png in Resources */,
				4B389A7F12450F1A00F1EDEB /* ArrowViewUntouchedGlow.png in Resources */,
				4B389A8012450F1A00F1EDEB /* ArrowViewUntouchedGlow@2x.png in Resources */,
				4B389A8112450F1A00F1EDEB /* BigSpinner.png in Resources */,
				4B389A8212450F1A00F1EDEB /* BigSpinner@2x.png in Resources */,
				4B389A8312450F1A00F1EDEB /* BlueBarItemDisabled.png in Resources */,
				4B389A8412450F1A00F1EDEB /* BlueBarItemDisabled@2x.png in Resources */,
				4B389A8512450F1A00F1EDEB /* BlueBarItemHighlighted.png in Resources */,
				4B389A8612450F1A00F1EDEB /* BlueBarItemHighlighted@2x.png in Resources */,
				4B389A8712450F1A00F1EDEB /* BlueBarItemNormal.png in Resources */,
				4B389A8812450F1A00F1EDEB /* BlueBarItemNormal@2x.png in Resources */,
				4B389A8912450F1A00F1EDEB /* BlueNavBarBG.png in Resources */,
				4B389A8A12450F1A00F1EDEB /* BlueNavBarBG@2x.png in Resources */,
				4B389A8B12450F1A00F1EDEB /* CheckeredBackground.png in Resources */,
				4B389A8C12450F1A00F1EDEB /* CheckeredBackground@2x.png in Resources */,
				4B389A8D12450F1A00F1EDEB /* Default.png in Resources */,
				4B389A8E12450F1A00F1EDEB /* Default@2x.png in Resources */,
				4B389A8F12450F1A00F1EDEB /* ErrorGlyph.png in Resources */,
				4B389A9012450F1A00F1EDEB /* ErrorGlyph@2x.png in Resources */,
				4B389A9112450F1A00F1EDEB /* HUDRoundedRect.png in Resources */,
				4B389A9212450F1A00F1EDEB /* HUDRoundedRect@2x.png in Resources */,
				4B389A9312450F1A00F1EDEB /* Icon.png in Resources */,
				4B389A9412450F1A00F1EDEB /* Icon@2x.png in Resources */,
				4B389A9512450F1A00F1EDEB /* NavBarTransparent.png in Resources */,
				4B389A9612450F1A00F1EDEB /* NavBarTransparent@2x.png in Resources */,
				4B389A9712450F1A00F1EDEB /* SettingsCogGlyph.png in Resources */,
				4B389A9812450F1A00F1EDEB /* SettingsCogGlyph@2x.png in Resources */,
				4B389A9912450F1A00F1EDEB /* SuccessGlyph.png in Resources */,
				4B389A9A12450F1A00F1EDEB /* SuccessGlyph@2x.png in Resources */,
				4B389A9B12450F1A00F1EDEB /* TexturedBackground.png in Resources */,
				4B389A9C12450F1A00F1EDEB /* TexturedBackground@2x.png in Resources */,
				4B389A9D12450F1A00F1EDEB /* TexturedBackgroundWithGlyph.png in Resources */,
				4B389A9E12450F1A00F1EDEB /* TexturedBackgroundWithGlyph@2x.png in Resources */,
				4B389A9F12450F1A00F1EDEB /* ToolbarGradient.png in Resources */,
				4B389AA012450F1A00F1EDEB /* ToolbarGradient@2x.png in Resources */,
				4B389AA112450F1A00F1EDEB /* CLSettingsViewController.xib in Resources */,
				4B389AA212450F1A00F1EDEB /* CLUploadViewController.xib in Resources */,
				4B389AA312450F1A00F1EDEB /* MainWindow.xib in Resources */,
				4B389AA412450F1A00F1EDEB /* NPHUDController.xib in Resources */,
			);
			runOnlyForDeploymentPostprocessing = 0;
		};
/* End PBXResourcesBuildPhase section */

/* Begin PBXSourcesBuildPhase section */
		1D60588E0D05DD3D006BFB54 /* Sources */ = {
			isa = PBXSourcesBuildPhase;
			buildActionMask = 2147483647;
			files = (
				1D60589B0D05DD56006BFB54 /* main.m in Sources */,
				4B389B5E12450F4F00F1EDEB /* NSString+NPAdditions.m in Sources */,
				4B389B6012450F4F00F1EDEB /* UIImage+NPResizing.m in Sources */,
				4B389B6112450F4F00F1EDEB /* BSJSONEncoder.m in Sources */,
				4B389B6212450F4F00F1EDEB /* NSArray+BSJSONAdditions.m in Sources */,
				4B389B6312450F4F00F1EDEB /* NSDictionary+BSJSONAdditions.m in Sources */,
				4B389B6412450F4F00F1EDEB /* NSScanner+BSJSONAdditions.m in Sources */,
				4B389B6512450F4F00F1EDEB /* NSString+BSJSONAdditions.m in Sources */,
				4B389B6612450F4F00F1EDEB /* NSMutableURLRequest+NPPOSTBody.m in Sources */,
				4B389B6712450F4F00F1EDEB /* NSString+NPAdditions.m in Sources */,
				4B389B6812450F4F00F1EDEB /* NSString+NPMimeType.m in Sources */,
				4B389B6912450F4F00F1EDEB /* CLAPIEngine.m in Sources */,
				4B389B6A12450F4F00F1EDEB /* CLAccount.m in Sources */,
				4B389B6B12450F4F00F1EDEB /* CLURLConnection.m in Sources */,
				4B389B6C12450F4F00F1EDEB /* CLWebItem.m in Sources */,
				4B389B6D12450F4F00F1EDEB /* CLFileUpload.m in Sources */,
				4B389B6E12450F4F00F1EDEB /* CLRedirectUpload.m in Sources */,
				4B389B6F12450F4F00F1EDEB /* CLTextUpload.m in Sources */,
				4B389B7012450F4F00F1EDEB /* CLUpload.m in Sources */,
				4B389B7112450F4F00F1EDEB /* CloudAppDelegate.m in Sources */,
				4B389B7212450F4F00F1EDEB /* CLSettingsViewController.m in Sources */,
				4B389B7312450F4F00F1EDEB /* CLUploadViewController.m in Sources */,
				4B389B7412450F4F00F1EDEB /* NPBlockImagePickerController.m in Sources */,
				4B389B7512450F4F00F1EDEB /* NPHUDController.m in Sources */,
				4B389B7612450F4F00F1EDEB /* CLCredentialHandler.m in Sources */,
				4B389B7712450F4F00F1EDEB /* SFHFKeychainUtils.m in Sources */,
				4B389B7812450F4F00F1EDEB /* CLArrowView.m in Sources */,
				4B389B7912450F4F00F1EDEB /* CLBigSpinnerView.m in Sources */,
				4B389B7A12450F4F00F1EDEB /* NPBlockActionSheet.m in Sources */,
				4B389B7B12450F4F00F1EDEB /* NPBlockBarButtonItem.m in Sources */,
				4B389B7C12450F4F00F1EDEB /* NPImageNavigationBar.m in Sources */,
				4B389B7D12450F4F00F1EDEB /* NPImageToolbar.m in Sources */,
			);
			runOnlyForDeploymentPostprocessing = 0;
		};
/* End PBXSourcesBuildPhase section */

/* Begin XCBuildConfiguration section */
		1D6058940D05DD3E006BFB54 /* Debug */ = {
			isa = XCBuildConfiguration;
			buildSettings = {
				ALWAYS_SEARCH_USER_PATHS = NO;
				COPY_PHASE_STRIP = NO;
				GCC_DYNAMIC_NO_PIC = NO;
				GCC_OPTIMIZATION_LEVEL = 0;
				GCC_PRECOMPILE_PREFIX_HEADER = YES;
				GCC_PREFIX_HEADER = CloudApp_Prefix.pch;
				INFOPLIST_FILE = "CloudApp-Info.plist";
				IPHONEOS_DEPLOYMENT_TARGET = 4.0;
				PRODUCT_NAME = CloudApp;
				SDKROOT = iphoneos4.2;
			};
			name = Debug;
		};
		1D6058950D05DD3E006BFB54 /* Release */ = {
			isa = XCBuildConfiguration;
			buildSettings = {
				ALWAYS_SEARCH_USER_PATHS = NO;
				COPY_PHASE_STRIP = YES;
				GCC_PRECOMPILE_PREFIX_HEADER = YES;
				GCC_PREFIX_HEADER = CloudApp_Prefix.pch;
				INFOPLIST_FILE = "CloudApp-Info.plist";
				IPHONEOS_DEPLOYMENT_TARGET = 4.0;
				PRODUCT_NAME = CloudApp;
				SDKROOT = iphoneos4.2;
				VALIDATE_PRODUCT = YES;
			};
			name = Release;
		};
		C01FCF4F08A954540054247B /* Debug */ = {
			isa = XCBuildConfiguration;
			buildSettings = {
				ARCHS = "$(ARCHS_STANDARD_32_BIT)";
				"CODE_SIGN_IDENTITY[sdk=iphoneos*]" = "iPhone Developer";
				GCC_C_LANGUAGE_STANDARD = c99;
				GCC_WARN_ABOUT_RETURN_TYPE = YES;
				GCC_WARN_UNUSED_VARIABLE = YES;
				IPHONEOS_DEPLOYMENT_TARGET = 4.0;
				PREBINDING = NO;
				SDKROOT = iphoneos4.2;
			};
			name = Debug;
		};
		C01FCF5008A954540054247B /* Release */ = {
			isa = XCBuildConfiguration;
			buildSettings = {
				ARCHS = "$(ARCHS_STANDARD_32_BIT)";
				"CODE_SIGN_IDENTITY[sdk=iphoneos*]" = "iPhone Developer";
				GCC_C_LANGUAGE_STANDARD = c99;
				GCC_WARN_ABOUT_RETURN_TYPE = YES;
				GCC_WARN_UNUSED_VARIABLE = YES;
				OTHER_CFLAGS = "-DNS_BLOCK_ASSERTIONS=1";
				PREBINDING = NO;
				SDKROOT = iphoneos4.2;
			};
			name = Release;
		};
/* End XCBuildConfiguration section */

/* Begin XCConfigurationList section */
		1D6058960D05DD3E006BFB54 /* Build configuration list for PBXNativeTarget "CloudApp" */ = {
			isa = XCConfigurationList;
			buildConfigurations = (
				1D6058940D05DD3E006BFB54 /* Debug */,
				1D6058950D05DD3E006BFB54 /* Release */,
			);
			defaultConfigurationIsVisible = 0;
			defaultConfigurationName = Release;
		};
		C01FCF4E08A954540054247B /* Build configuration list for PBXProject "CloudApp" */ = {
			isa = XCConfigurationList;
			buildConfigurations = (
				C01FCF4F08A954540054247B /* Debug */,
				C01FCF5008A954540054247B /* Release */,
			);
			defaultConfigurationIsVisible = 0;
			defaultConfigurationName = Release;
		};
/* End XCConfigurationList section */
	};
	rootObject = 29B97313FDCFA39411CA2CEA /* Project object */;
}
