// !$*UTF8*$!
{
	archiveVersion = 1;
	classes = {
	};
	objectVersion = 45;
	objects = {

/* Begin PBXBuildFile section */
		1D3623260D0F684500981E51 /* CloudAppAppDelegate.m in Sources */ = {isa = PBXBuildFile; fileRef = 1D3623250D0F684500981E51 /* CloudAppAppDelegate.m */; };
		1D60589B0D05DD56006BFB54 /* main.m in Sources */ = {isa = PBXBuildFile; fileRef = 29B97316FDCFA39411CA2CEA /* main.m */; };
		1D60589F0D05DD5A006BFB54 /* Foundation.framework in Frameworks */ = {isa = PBXBuildFile; fileRef = 1D30AB110D05D00D00671497 /* Foundation.framework */; };
		1DF5F4E00D08C38300B7A737 /* UIKit.framework in Frameworks */ = {isa = PBXBuildFile; fileRef = 1DF5F4DF0D08C38300B7A737 /* UIKit.framework */; };
		288765FD0DF74451002DB57D /* CoreGraphics.framework in Frameworks */ = {isa = PBXBuildFile; fileRef = 288765FC0DF74451002DB57D /* CoreGraphics.framework */; };
		28AD733F0D9D9553002E5188 /* MainWindow.xib in Resources */ = {isa = PBXBuildFile; fileRef = 28AD733E0D9D9553002E5188 /* MainWindow.xib */; };
		AD396305116588E7004F80BD /* CLAPIController.m in Sources */ = {isa = PBXBuildFile; fileRef = AD3962EC116588E6004F80BD /* CLAPIController.m */; };
		AD396306116588E7004F80BD /* CLAPIConnection.m in Sources */ = {isa = PBXBuildFile; fileRef = AD3962EE116588E6004F80BD /* CLAPIConnection.m */; };
		AD396307116588E7004F80BD /* CLAPIUpload.m in Sources */ = {isa = PBXBuildFile; fileRef = AD3962F0116588E6004F80BD /* CLAPIUpload.m */; };
		AD396308116588E7004F80BD /* CLAPIRedirectUpload.m in Sources */ = {isa = PBXBuildFile; fileRef = AD3962F2116588E6004F80BD /* CLAPIRedirectUpload.m */; };
		AD396309116588E7004F80BD /* CLAPIFileUpload.m in Sources */ = {isa = PBXBuildFile; fileRef = AD3962F4116588E7004F80BD /* CLAPIFileUpload.m */; };
		AD39630A116588E7004F80BD /* CLUploadItem.m in Sources */ = {isa = PBXBuildFile; fileRef = AD3962F6116588E7004F80BD /* CLUploadItem.m */; };
		AD39630B116588E7004F80BD /* NSArray+BSJSONAdditions.m in Sources */ = {isa = PBXBuildFile; fileRef = AD3962FA116588E7004F80BD /* NSArray+BSJSONAdditions.m */; };
		AD39630C116588E7004F80BD /* NSDictionary+BSJSONAdditions.m in Sources */ = {isa = PBXBuildFile; fileRef = AD3962FC116588E7004F80BD /* NSDictionary+BSJSONAdditions.m */; };
		AD39630D116588E7004F80BD /* NSScanner+BSJSONAdditions.m in Sources */ = {isa = PBXBuildFile; fileRef = AD3962FE116588E7004F80BD /* NSScanner+BSJSONAdditions.m */; };
		AD39630E116588E7004F80BD /* NSString+BSJSONAdditions.m in Sources */ = {isa = PBXBuildFile; fileRef = AD396300116588E7004F80BD /* NSString+BSJSONAdditions.m */; };
		AD39630F116588E7004F80BD /* NSMutableURLRequest+NPPostBody.m in Sources */ = {isa = PBXBuildFile; fileRef = AD396302116588E7004F80BD /* NSMutableURLRequest+NPPostBody.m */; };
		AD396310116588E7004F80BD /* NSString+NPMimeType.m in Sources */ = {isa = PBXBuildFile; fileRef = AD396304116588E7004F80BD /* NSString+NPMimeType.m */; };
		AD39636011658F10004F80BD /* UnknownFile.png in Resources */ = {isa = PBXBuildFile; fileRef = AD39635F11658F10004F80BD /* UnknownFile.png */; };
		AD39637011658FC4004F80BD /* CLBigSpinnerView.m in Sources */ = {isa = PBXBuildFile; fileRef = AD39636F11658FC4004F80BD /* CLBigSpinnerView.m */; };
		AD4401601167C3A2004238CC /* HUDFailedGlyph.png in Resources */ = {isa = PBXBuildFile; fileRef = AD44015F1167C3A2004238CC /* HUDFailedGlyph.png */; };
		AD44018A1167CAA7004238CC /* CLPreferences.m in Sources */ = {isa = PBXBuildFile; fileRef = AD4401891167CAA7004238CC /* CLPreferences.m */; };
		AD44018E1167CBE1004238CC /* SFHFKeychainUtils.m in Sources */ = {isa = PBXBuildFile; fileRef = AD44018D1167CBE1004238CC /* SFHFKeychainUtils.m */; };
		AD4401B61167D115004238CC /* Security.framework in Frameworks */ = {isa = PBXBuildFile; fileRef = AD4401B51167D115004238CC /* Security.framework */; };
		AD4403AE1168C9D4004238CC /* SpinnerGlyph0.png in Resources */ = {isa = PBXBuildFile; fileRef = AD4403A21168C9D3004238CC /* SpinnerGlyph0.png */; };
		AD4403AF1168C9D4004238CC /* SpinnerGlyph1.png in Resources */ = {isa = PBXBuildFile; fileRef = AD4403A31168C9D3004238CC /* SpinnerGlyph1.png */; };
		AD4403B01168C9D4004238CC /* SpinnerGlyph2.png in Resources */ = {isa = PBXBuildFile; fileRef = AD4403A41168C9D3004238CC /* SpinnerGlyph2.png */; };
		AD4403B11168C9D4004238CC /* SpinnerGlyph3.png in Resources */ = {isa = PBXBuildFile; fileRef = AD4403A51168C9D3004238CC /* SpinnerGlyph3.png */; };
		AD4403B21168C9D4004238CC /* SpinnerGlyph4.png in Resources */ = {isa = PBXBuildFile; fileRef = AD4403A61168C9D3004238CC /* SpinnerGlyph4.png */; };
		AD4403B31168C9D4004238CC /* SpinnerGlyph5.png in Resources */ = {isa = PBXBuildFile; fileRef = AD4403A71168C9D3004238CC /* SpinnerGlyph5.png */; };
		AD4403B41168C9D4004238CC /* SpinnerGlyph6.png in Resources */ = {isa = PBXBuildFile; fileRef = AD4403A81168C9D4004238CC /* SpinnerGlyph6.png */; };
		AD4403B51168C9D4004238CC /* SpinnerGlyph7.png in Resources */ = {isa = PBXBuildFile; fileRef = AD4403A91168C9D4004238CC /* SpinnerGlyph7.png */; };
		AD4403B61168C9D4004238CC /* SpinnerGlyph8.png in Resources */ = {isa = PBXBuildFile; fileRef = AD4403AA1168C9D4004238CC /* SpinnerGlyph8.png */; };
		AD4403B71168C9D4004238CC /* SpinnerGlyph9.png in Resources */ = {isa = PBXBuildFile; fileRef = AD4403AB1168C9D4004238CC /* SpinnerGlyph9.png */; };
		AD4403B81168C9D4004238CC /* SpinnerGlyph10.png in Resources */ = {isa = PBXBuildFile; fileRef = AD4403AC1168C9D4004238CC /* SpinnerGlyph10.png */; };
		AD4403B91168C9D4004238CC /* SpinnerGlyph11.png in Resources */ = {isa = PBXBuildFile; fileRef = AD4403AD1168C9D4004238CC /* SpinnerGlyph11.png */; };
		AD6C85881139900600FFCB59 /* CLSettingsViewController.m in Sources */ = {isa = PBXBuildFile; fileRef = AD6C85861139900600FFCB59 /* CLSettingsViewController.m */; };
		AD6C85891139900600FFCB59 /* CLSettingsViewController.xib in Resources */ = {isa = PBXBuildFile; fileRef = AD6C85871139900600FFCB59 /* CLSettingsViewController.xib */; };
		AD6C858C113990FB00FFCB59 /* TexturedBackground.png in Resources */ = {isa = PBXBuildFile; fileRef = AD6C858B113990FB00FFCB59 /* TexturedBackground.png */; };
		AD6C858F1139929000FFCB59 /* UINavigationBar+NPBackgroundImage.m in Sources */ = {isa = PBXBuildFile; fileRef = AD6C858E1139929000FFCB59 /* UINavigationBar+NPBackgroundImage.m */; };
		AD6C8595113993EB00FFCB59 /* NavigationBarBackground.png in Resources */ = {isa = PBXBuildFile; fileRef = AD6C8594113993EB00FFCB59 /* NavigationBarBackground.png */; };
		AD6C8622113A314400FFCB59 /* SaveButtonDisabled.png in Resources */ = {isa = PBXBuildFile; fileRef = AD6C861F113A314400FFCB59 /* SaveButtonDisabled.png */; };
		AD6C8623113A314400FFCB59 /* SaveButtonNormal.png in Resources */ = {isa = PBXBuildFile; fileRef = AD6C8620113A314400FFCB59 /* SaveButtonNormal.png */; };
		AD6C8624113A314400FFCB59 /* SaveButtonPressed.png in Resources */ = {isa = PBXBuildFile; fileRef = AD6C8621113A314400FFCB59 /* SaveButtonPressed.png */; };
		AD77A1591146EACC00862634 /* CLUploadViewController.m in Sources */ = {isa = PBXBuildFile; fileRef = AD77A1571146EACC00862634 /* CLUploadViewController.m */; };
		AD77A15A1146EACC00862634 /* CLUploadViewController.xib in Resources */ = {isa = PBXBuildFile; fileRef = AD77A1581146EACC00862634 /* CLUploadViewController.xib */; };
		ADAA8B651140496900E11314 /* NPHUDView.m in Sources */ = {isa = PBXBuildFile; fileRef = ADAA8B641140496900E11314 /* NPHUDView.m */; };
		ADAA8B92114064C100E11314 /* HUDSuccessGlyph.png in Resources */ = {isa = PBXBuildFile; fileRef = ADAA8B91114064C100E11314 /* HUDSuccessGlyph.png */; };
		ADD85F301146F59E002B25A4 /* TexturedBackgroundWithGlyph.png in Resources */ = {isa = PBXBuildFile; fileRef = ADD85F2F1146F59E002B25A4 /* TexturedBackgroundWithGlyph.png */; };
		ADD85F771146FE89002B25A4 /* AddUploadGlyph.png in Resources */ = {isa = PBXBuildFile; fileRef = ADD85F751146FE89002B25A4 /* AddUploadGlyph.png */; };
		ADD85F781146FE89002B25A4 /* SettingsGlyph.png in Resources */ = {isa = PBXBuildFile; fileRef = ADD85F761146FE89002B25A4 /* SettingsGlyph.png */; };
		ADD85FC611470770002B25A4 /* Icon.png in Resources */ = {isa = PBXBuildFile; fileRef = ADD85FC511470770002B25A4 /* Icon.png */; };
		ADD86002114ADDCD002B25A4 /* CLIlluminatedArrowView.m in Sources */ = {isa = PBXBuildFile; fileRef = ADD86001114ADDCD002B25A4 /* CLIlluminatedArrowView.m */; };
		ADD8600A114ADFF9002B25A4 /* QuartzCore.framework in Frameworks */ = {isa = PBXBuildFile; fileRef = ADD86009114ADFF9002B25A4 /* QuartzCore.framework */; };
		ADD86011114AE237002B25A4 /* ArrowViewTouchedGlow.png in Resources */ = {isa = PBXBuildFile; fileRef = ADD8600F114AE237002B25A4 /* ArrowViewTouchedGlow.png */; };
		ADD86012114AE237002B25A4 /* ArrowViewUntouchedGlow.png in Resources */ = {isa = PBXBuildFile; fileRef = ADD86010114AE237002B25A4 /* ArrowViewUntouchedGlow.png */; };
		ADD8602D114AE6C8002B25A4 /* ArrowViewArrow.png in Resources */ = {isa = PBXBuildFile; fileRef = ADD8602C114AE6C8002B25A4 /* ArrowViewArrow.png */; };
		ADD86112114B07ED002B25A4 /* ArrowViewMask.png in Resources */ = {isa = PBXBuildFile; fileRef = ADD86111114B07ED002B25A4 /* ArrowViewMask.png */; };
		ADD8616E114B1A90002B25A4 /* CheckeredBackground.png in Resources */ = {isa = PBXBuildFile; fileRef = ADD8616D114B1A90002B25A4 /* CheckeredBackground.png */; };
		ADD86181114B1FE2002B25A4 /* UIImage+NPResizing.m in Sources */ = {isa = PBXBuildFile; fileRef = ADD86180114B1FE2002B25A4 /* UIImage+NPResizing.m */; };
		ADE2B8E111B203580041EACA /* Default.png in Resources */ = {isa = PBXBuildFile; fileRef = ADE2B8E011B203580041EACA /* Default.png */; };
		ADE2B98611B20F0A0041EACA /* ScreenCapture.strings in Resources */ = {isa = PBXBuildFile; fileRef = ADE2B98411B20F0A0041EACA /* ScreenCapture.strings */; };
/* End PBXBuildFile section */

/* Begin PBXFileReference section */
		1D30AB110D05D00D00671497 /* Foundation.framework */ = {isa = PBXFileReference; lastKnownFileType = wrapper.framework; name = Foundation.framework; path = System/Library/Frameworks/Foundation.framework; sourceTree = SDKROOT; };
		1D3623240D0F684500981E51 /* CloudAppAppDelegate.h */ = {isa = PBXFileReference; fileEncoding = 4; lastKnownFileType = sourcecode.c.h; path = CloudAppAppDelegate.h; sourceTree = "<group>"; };
		1D3623250D0F684500981E51 /* CloudAppAppDelegate.m */ = {isa = PBXFileReference; fileEncoding = 4; lastKnownFileType = sourcecode.c.objc; path = CloudAppAppDelegate.m; sourceTree = "<group>"; };
		1D6058910D05DD3D006BFB54 /* CloudApp.app */ = {isa = PBXFileReference; explicitFileType = wrapper.application; includeInIndex = 0; path = CloudApp.app; sourceTree = BUILT_PRODUCTS_DIR; };
		1DF5F4DF0D08C38300B7A737 /* UIKit.framework */ = {isa = PBXFileReference; lastKnownFileType = wrapper.framework; name = UIKit.framework; path = System/Library/Frameworks/UIKit.framework; sourceTree = SDKROOT; };
		288765FC0DF74451002DB57D /* CoreGraphics.framework */ = {isa = PBXFileReference; lastKnownFileType = wrapper.framework; name = CoreGraphics.framework; path = System/Library/Frameworks/CoreGraphics.framework; sourceTree = SDKROOT; };
		28AD733E0D9D9553002E5188 /* MainWindow.xib */ = {isa = PBXFileReference; lastKnownFileType = file.xib; path = MainWindow.xib; sourceTree = "<group>"; };
		29B97316FDCFA39411CA2CEA /* main.m */ = {isa = PBXFileReference; fileEncoding = 4; lastKnownFileType = sourcecode.c.objc; path = main.m; sourceTree = "<group>"; };
		32CA4F630368D1EE00C91783 /* CloudApp_Prefix.pch */ = {isa = PBXFileReference; fileEncoding = 4; lastKnownFileType = sourcecode.c.h; path = CloudApp_Prefix.pch; sourceTree = "<group>"; };
		4B62672911E8E02000BE6F19 /* Entitlements.plist */ = {isa = PBXFileReference; fileEncoding = 4; lastKnownFileType = text.plist.xml; name = Entitlements.plist; path = Projects/Linebreak/Cloud/iPhone/Entitlements.plist; sourceTree = DEVELOPER_DIR; };
		8D1107310486CEB800E47090 /* CloudApp-Info.plist */ = {isa = PBXFileReference; fileEncoding = 4; lastKnownFileType = text.plist.xml; path = "CloudApp-Info.plist"; plistStructureDefinitionIdentifier = "com.apple.xcode.plist.structure-definition.iphone.info-plist"; sourceTree = "<group>"; };
		AD3962EB116588E6004F80BD /* CLAPIController.h */ = {isa = PBXFileReference; fileEncoding = 4; lastKnownFileType = sourcecode.c.h; path = CLAPIController.h; sourceTree = "<group>"; };
		AD3962EC116588E6004F80BD /* CLAPIController.m */ = {isa = PBXFileReference; fileEncoding = 4; lastKnownFileType = sourcecode.c.objc; path = CLAPIController.m; sourceTree = "<group>"; };
		AD3962ED116588E6004F80BD /* CLAPIConnection.h */ = {isa = PBXFileReference; fileEncoding = 4; lastKnownFileType = sourcecode.c.h; path = CLAPIConnection.h; sourceTree = "<group>"; };
		AD3962EE116588E6004F80BD /* CLAPIConnection.m */ = {isa = PBXFileReference; fileEncoding = 4; lastKnownFileType = sourcecode.c.objc; path = CLAPIConnection.m; sourceTree = "<group>"; };
		AD3962EF116588E6004F80BD /* CLAPIUpload.h */ = {isa = PBXFileReference; fileEncoding = 4; lastKnownFileType = sourcecode.c.h; path = CLAPIUpload.h; sourceTree = "<group>"; };
		AD3962F0116588E6004F80BD /* CLAPIUpload.m */ = {isa = PBXFileReference; fileEncoding = 4; lastKnownFileType = sourcecode.c.objc; path = CLAPIUpload.m; sourceTree = "<group>"; };
		AD3962F1116588E6004F80BD /* CLAPIRedirectUpload.h */ = {isa = PBXFileReference; fileEncoding = 4; lastKnownFileType = sourcecode.c.h; path = CLAPIRedirectUpload.h; sourceTree = "<group>"; };
		AD3962F2116588E6004F80BD /* CLAPIRedirectUpload.m */ = {isa = PBXFileReference; fileEncoding = 4; lastKnownFileType = sourcecode.c.objc; path = CLAPIRedirectUpload.m; sourceTree = "<group>"; };
		AD3962F3116588E7004F80BD /* CLAPIFileUpload.h */ = {isa = PBXFileReference; fileEncoding = 4; lastKnownFileType = sourcecode.c.h; path = CLAPIFileUpload.h; sourceTree = "<group>"; };
		AD3962F4116588E7004F80BD /* CLAPIFileUpload.m */ = {isa = PBXFileReference; fileEncoding = 4; lastKnownFileType = sourcecode.c.objc; path = CLAPIFileUpload.m; sourceTree = "<group>"; };
		AD3962F5116588E7004F80BD /* CLUploadItem.h */ = {isa = PBXFileReference; fileEncoding = 4; lastKnownFileType = sourcecode.c.h; path = CLUploadItem.h; sourceTree = "<group>"; };
		AD3962F6116588E7004F80BD /* CLUploadItem.m */ = {isa = PBXFileReference; fileEncoding = 4; lastKnownFileType = sourcecode.c.objc; path = CLUploadItem.m; sourceTree = "<group>"; };
		AD3962F9116588E7004F80BD /* NSArray+BSJSONAdditions.h */ = {isa = PBXFileReference; fileEncoding = 4; lastKnownFileType = sourcecode.c.h; path = "NSArray+BSJSONAdditions.h"; sourceTree = "<group>"; };
		AD3962FA116588E7004F80BD /* NSArray+BSJSONAdditions.m */ = {isa = PBXFileReference; fileEncoding = 4; lastKnownFileType = sourcecode.c.objc; path = "NSArray+BSJSONAdditions.m"; sourceTree = "<group>"; };
		AD3962FB116588E7004F80BD /* NSDictionary+BSJSONAdditions.h */ = {isa = PBXFileReference; fileEncoding = 4; lastKnownFileType = sourcecode.c.h; path = "NSDictionary+BSJSONAdditions.h"; sourceTree = "<group>"; };
		AD3962FC116588E7004F80BD /* NSDictionary+BSJSONAdditions.m */ = {isa = PBXFileReference; fileEncoding = 4; lastKnownFileType = sourcecode.c.objc; path = "NSDictionary+BSJSONAdditions.m"; sourceTree = "<group>"; };
		AD3962FD116588E7004F80BD /* NSScanner+BSJSONAdditions.h */ = {isa = PBXFileReference; fileEncoding = 4; lastKnownFileType = sourcecode.c.h; path = "NSScanner+BSJSONAdditions.h"; sourceTree = "<group>"; };
		AD3962FE116588E7004F80BD /* NSScanner+BSJSONAdditions.m */ = {isa = PBXFileReference; fileEncoding = 4; lastKnownFileType = sourcecode.c.objc; path = "NSScanner+BSJSONAdditions.m"; sourceTree = "<group>"; };
		AD3962FF116588E7004F80BD /* NSString+BSJSONAdditions.h */ = {isa = PBXFileReference; fileEncoding = 4; lastKnownFileType = sourcecode.c.h; path = "NSString+BSJSONAdditions.h"; sourceTree = "<group>"; };
		AD396300116588E7004F80BD /* NSString+BSJSONAdditions.m */ = {isa = PBXFileReference; fileEncoding = 4; lastKnownFileType = sourcecode.c.objc; path = "NSString+BSJSONAdditions.m"; sourceTree = "<group>"; };
		AD396301116588E7004F80BD /* NSMutableURLRequest+NPPostBody.h */ = {isa = PBXFileReference; fileEncoding = 4; lastKnownFileType = sourcecode.c.h; path = "NSMutableURLRequest+NPPostBody.h"; sourceTree = "<group>"; };
		AD396302116588E7004F80BD /* NSMutableURLRequest+NPPostBody.m */ = {isa = PBXFileReference; fileEncoding = 4; lastKnownFileType = sourcecode.c.objc; path = "NSMutableURLRequest+NPPostBody.m"; sourceTree = "<group>"; };
		AD396303116588E7004F80BD /* NSString+NPMimeType.h */ = {isa = PBXFileReference; fileEncoding = 4; lastKnownFileType = sourcecode.c.h; path = "NSString+NPMimeType.h"; sourceTree = "<group>"; };
		AD396304116588E7004F80BD /* NSString+NPMimeType.m */ = {isa = PBXFileReference; fileEncoding = 4; lastKnownFileType = sourcecode.c.objc; path = "NSString+NPMimeType.m"; sourceTree = "<group>"; };
		AD39635F11658F10004F80BD /* UnknownFile.png */ = {isa = PBXFileReference; lastKnownFileType = image.png; path = UnknownFile.png; sourceTree = "<group>"; };
		AD39636E11658FC4004F80BD /* CLBigSpinnerView.h */ = {isa = PBXFileReference; fileEncoding = 4; lastKnownFileType = sourcecode.c.h; path = CLBigSpinnerView.h; sourceTree = "<group>"; };
		AD39636F11658FC4004F80BD /* CLBigSpinnerView.m */ = {isa = PBXFileReference; fileEncoding = 4; lastKnownFileType = sourcecode.c.objc; path = CLBigSpinnerView.m; sourceTree = "<group>"; };
		AD44015F1167C3A2004238CC /* HUDFailedGlyph.png */ = {isa = PBXFileReference; lastKnownFileType = image.png; path = HUDFailedGlyph.png; sourceTree = "<group>"; };
		AD4401881167CAA7004238CC /* CLPreferences.h */ = {isa = PBXFileReference; fileEncoding = 4; lastKnownFileType = sourcecode.c.h; path = CLPreferences.h; sourceTree = "<group>"; };
		AD4401891167CAA7004238CC /* CLPreferences.m */ = {isa = PBXFileReference; fileEncoding = 4; lastKnownFileType = sourcecode.c.objc; path = CLPreferences.m; sourceTree = "<group>"; };
		AD44018C1167CBE1004238CC /* SFHFKeychainUtils.h */ = {isa = PBXFileReference; fileEncoding = 4; lastKnownFileType = sourcecode.c.h; path = SFHFKeychainUtils.h; sourceTree = "<group>"; };
		AD44018D1167CBE1004238CC /* SFHFKeychainUtils.m */ = {isa = PBXFileReference; fileEncoding = 4; lastKnownFileType = sourcecode.c.objc; path = SFHFKeychainUtils.m; sourceTree = "<group>"; };
		AD4401B51167D115004238CC /* Security.framework */ = {isa = PBXFileReference; lastKnownFileType = wrapper.framework; name = Security.framework; path = System/Library/Frameworks/Security.framework; sourceTree = SDKROOT; };
		AD4403A21168C9D3004238CC /* SpinnerGlyph0.png */ = {isa = PBXFileReference; lastKnownFileType = image.png; path = SpinnerGlyph0.png; sourceTree = "<group>"; };
		AD4403A31168C9D3004238CC /* SpinnerGlyph1.png */ = {isa = PBXFileReference; lastKnownFileType = image.png; path = SpinnerGlyph1.png; sourceTree = "<group>"; };
		AD4403A41168C9D3004238CC /* SpinnerGlyph2.png */ = {isa = PBXFileReference; lastKnownFileType = image.png; path = SpinnerGlyph2.png; sourceTree = "<group>"; };
		AD4403A51168C9D3004238CC /* SpinnerGlyph3.png */ = {isa = PBXFileReference; lastKnownFileType = image.png; path = SpinnerGlyph3.png; sourceTree = "<group>"; };
		AD4403A61168C9D3004238CC /* SpinnerGlyph4.png */ = {isa = PBXFileReference; lastKnownFileType = image.png; path = SpinnerGlyph4.png; sourceTree = "<group>"; };
		AD4403A71168C9D3004238CC /* SpinnerGlyph5.png */ = {isa = PBXFileReference; lastKnownFileType = image.png; path = SpinnerGlyph5.png; sourceTree = "<group>"; };
		AD4403A81168C9D4004238CC /* SpinnerGlyph6.png */ = {isa = PBXFileReference; lastKnownFileType = image.png; path = SpinnerGlyph6.png; sourceTree = "<group>"; };
		AD4403A91168C9D4004238CC /* SpinnerGlyph7.png */ = {isa = PBXFileReference; lastKnownFileType = image.png; path = SpinnerGlyph7.png; sourceTree = "<group>"; };
		AD4403AA1168C9D4004238CC /* SpinnerGlyph8.png */ = {isa = PBXFileReference; lastKnownFileType = image.png; path = SpinnerGlyph8.png; sourceTree = "<group>"; };
		AD4403AB1168C9D4004238CC /* SpinnerGlyph9.png */ = {isa = PBXFileReference; lastKnownFileType = image.png; path = SpinnerGlyph9.png; sourceTree = "<group>"; };
		AD4403AC1168C9D4004238CC /* SpinnerGlyph10.png */ = {isa = PBXFileReference; lastKnownFileType = image.png; path = SpinnerGlyph10.png; sourceTree = "<group>"; };
		AD4403AD1168C9D4004238CC /* SpinnerGlyph11.png */ = {isa = PBXFileReference; lastKnownFileType = image.png; path = SpinnerGlyph11.png; sourceTree = "<group>"; };
		AD6C85851139900600FFCB59 /* CLSettingsViewController.h */ = {isa = PBXFileReference; fileEncoding = 4; lastKnownFileType = sourcecode.c.h; path = CLSettingsViewController.h; sourceTree = "<group>"; };
		AD6C85861139900600FFCB59 /* CLSettingsViewController.m */ = {isa = PBXFileReference; fileEncoding = 4; lastKnownFileType = sourcecode.c.objc; path = CLSettingsViewController.m; sourceTree = "<group>"; };
		AD6C85871139900600FFCB59 /* CLSettingsViewController.xib */ = {isa = PBXFileReference; lastKnownFileType = file.xib; path = CLSettingsViewController.xib; sourceTree = "<group>"; };
		AD6C858B113990FB00FFCB59 /* TexturedBackground.png */ = {isa = PBXFileReference; lastKnownFileType = image.png; path = TexturedBackground.png; sourceTree = "<group>"; };
		AD6C858D1139929000FFCB59 /* UINavigationBar+NPBackgroundImage.h */ = {isa = PBXFileReference; fileEncoding = 4; lastKnownFileType = sourcecode.c.h; path = "UINavigationBar+NPBackgroundImage.h"; sourceTree = "<group>"; };
		AD6C858E1139929000FFCB59 /* UINavigationBar+NPBackgroundImage.m */ = {isa = PBXFileReference; fileEncoding = 4; lastKnownFileType = sourcecode.c.objc; path = "UINavigationBar+NPBackgroundImage.m"; sourceTree = "<group>"; };
		AD6C8594113993EB00FFCB59 /* NavigationBarBackground.png */ = {isa = PBXFileReference; lastKnownFileType = image.png; path = NavigationBarBackground.png; sourceTree = "<group>"; };
		AD6C861F113A314400FFCB59 /* SaveButtonDisabled.png */ = {isa = PBXFileReference; lastKnownFileType = image.png; path = SaveButtonDisabled.png; sourceTree = "<group>"; };
		AD6C8620113A314400FFCB59 /* SaveButtonNormal.png */ = {isa = PBXFileReference; lastKnownFileType = image.png; path = SaveButtonNormal.png; sourceTree = "<group>"; };
		AD6C8621113A314400FFCB59 /* SaveButtonPressed.png */ = {isa = PBXFileReference; lastKnownFileType = image.png; path = SaveButtonPressed.png; sourceTree = "<group>"; };
		AD77A1561146EACC00862634 /* CLUploadViewController.h */ = {isa = PBXFileReference; fileEncoding = 4; lastKnownFileType = sourcecode.c.h; path = CLUploadViewController.h; sourceTree = "<group>"; };
		AD77A1571146EACC00862634 /* CLUploadViewController.m */ = {isa = PBXFileReference; fileEncoding = 4; lastKnownFileType = sourcecode.c.objc; path = CLUploadViewController.m; sourceTree = "<group>"; };
		AD77A1581146EACC00862634 /* CLUploadViewController.xib */ = {isa = PBXFileReference; lastKnownFileType = file.xib; path = CLUploadViewController.xib; sourceTree = "<group>"; };
		ADAA8B631140496900E11314 /* NPHUDView.h */ = {isa = PBXFileReference; fileEncoding = 4; lastKnownFileType = sourcecode.c.h; path = NPHUDView.h; sourceTree = "<group>"; };
		ADAA8B641140496900E11314 /* NPHUDView.m */ = {isa = PBXFileReference; fileEncoding = 4; lastKnownFileType = sourcecode.c.objc; path = NPHUDView.m; sourceTree = "<group>"; };
		ADAA8B91114064C100E11314 /* HUDSuccessGlyph.png */ = {isa = PBXFileReference; lastKnownFileType = image.png; path = HUDSuccessGlyph.png; sourceTree = "<group>"; };
		ADD85F2F1146F59E002B25A4 /* TexturedBackgroundWithGlyph.png */ = {isa = PBXFileReference; lastKnownFileType = image.png; path = TexturedBackgroundWithGlyph.png; sourceTree = "<group>"; };
		ADD85F751146FE89002B25A4 /* AddUploadGlyph.png */ = {isa = PBXFileReference; lastKnownFileType = image.png; path = AddUploadGlyph.png; sourceTree = "<group>"; };
		ADD85F761146FE89002B25A4 /* SettingsGlyph.png */ = {isa = PBXFileReference; lastKnownFileType = image.png; path = SettingsGlyph.png; sourceTree = "<group>"; };
		ADD85FC511470770002B25A4 /* Icon.png */ = {isa = PBXFileReference; lastKnownFileType = image.png; path = Icon.png; sourceTree = "<group>"; };
		ADD86000114ADDCD002B25A4 /* CLIlluminatedArrowView.h */ = {isa = PBXFileReference; fileEncoding = 4; lastKnownFileType = sourcecode.c.h; path = CLIlluminatedArrowView.h; sourceTree = "<group>"; };
		ADD86001114ADDCD002B25A4 /* CLIlluminatedArrowView.m */ = {isa = PBXFileReference; fileEncoding = 4; lastKnownFileType = sourcecode.c.objc; path = CLIlluminatedArrowView.m; sourceTree = "<group>"; };
		ADD86009114ADFF9002B25A4 /* QuartzCore.framework */ = {isa = PBXFileReference; lastKnownFileType = wrapper.framework; name = QuartzCore.framework; path = System/Library/Frameworks/QuartzCore.framework; sourceTree = SDKROOT; };
		ADD8600F114AE237002B25A4 /* ArrowViewTouchedGlow.png */ = {isa = PBXFileReference; lastKnownFileType = image.png; path = ArrowViewTouchedGlow.png; sourceTree = "<group>"; };
		ADD86010114AE237002B25A4 /* ArrowViewUntouchedGlow.png */ = {isa = PBXFileReference; lastKnownFileType = image.png; path = ArrowViewUntouchedGlow.png; sourceTree = "<group>"; };
		ADD8602C114AE6C8002B25A4 /* ArrowViewArrow.png */ = {isa = PBXFileReference; lastKnownFileType = image.png; path = ArrowViewArrow.png; sourceTree = "<group>"; };
		ADD86111114B07ED002B25A4 /* ArrowViewMask.png */ = {isa = PBXFileReference; lastKnownFileType = image.png; path = ArrowViewMask.png; sourceTree = "<group>"; };
		ADD8616D114B1A90002B25A4 /* CheckeredBackground.png */ = {isa = PBXFileReference; lastKnownFileType = image.png; path = CheckeredBackground.png; sourceTree = "<group>"; };
		ADD8617F114B1FE2002B25A4 /* UIImage+NPResizing.h */ = {isa = PBXFileReference; fileEncoding = 4; lastKnownFileType = sourcecode.c.h; path = "UIImage+NPResizing.h"; sourceTree = "<group>"; };
		ADD86180114B1FE2002B25A4 /* UIImage+NPResizing.m */ = {isa = PBXFileReference; fileEncoding = 4; lastKnownFileType = sourcecode.c.objc; path = "UIImage+NPResizing.m"; sourceTree = "<group>"; };
		ADE2B8E011B203580041EACA /* Default.png */ = {isa = PBXFileReference; lastKnownFileType = image.png; path = Default.png; sourceTree = "<group>"; };
		ADE2B98511B20F0A0041EACA /* English */ = {isa = PBXFileReference; fileEncoding = 4; lastKnownFileType = text.plist.strings; name = English; path = English.lproj/ScreenCapture.strings; sourceTree = "<group>"; };
		ADE2B9A411B20F3F0041EACA /* Dutch */ = {isa = PBXFileReference; lastKnownFileType = text.plist.strings; name = Dutch; path = Dutch.lproj/ScreenCapture.strings; sourceTree = "<group>"; };
		ADE2B9A511B20F480041EACA /* da */ = {isa = PBXFileReference; lastKnownFileType = text.plist.strings; name = da; path = da.lproj/ScreenCapture.strings; sourceTree = "<group>"; };
		ADE2B9A611B20F4D0041EACA /* fi */ = {isa = PBXFileReference; lastKnownFileType = text.plist.strings; name = fi; path = fi.lproj/ScreenCapture.strings; sourceTree = "<group>"; };
		ADE2B9A711B20F500041EACA /* French */ = {isa = PBXFileReference; lastKnownFileType = text.plist.strings; name = French; path = French.lproj/ScreenCapture.strings; sourceTree = "<group>"; };
		ADE2B9A811B20F530041EACA /* German */ = {isa = PBXFileReference; lastKnownFileType = text.plist.strings; name = German; path = German.lproj/ScreenCapture.strings; sourceTree = "<group>"; };
		ADE2B9A911B20F580041EACA /* Italian */ = {isa = PBXFileReference; lastKnownFileType = text.plist.strings; name = Italian; path = Italian.lproj/ScreenCapture.strings; sourceTree = "<group>"; };
		ADE2B9AA11B20F5C0041EACA /* ko */ = {isa = PBXFileReference; lastKnownFileType = text.plist.strings; name = ko; path = ko.lproj/ScreenCapture.strings; sourceTree = "<group>"; };
		ADE2B9AB11B20F5F0041EACA /* no */ = {isa = PBXFileReference; lastKnownFileType = text.plist.strings; name = no; path = no.lproj/ScreenCapture.strings; sourceTree = "<group>"; };
		ADE2B9AC11B20F660041EACA /* pl */ = {isa = PBXFileReference; lastKnownFileType = text.plist.strings; name = pl; path = pl.lproj/ScreenCapture.strings; sourceTree = "<group>"; };
		ADE2B9AD11B20F6D0041EACA /* ru */ = {isa = PBXFileReference; lastKnownFileType = text.plist.strings; name = ru; path = ru.lproj/ScreenCapture.strings; sourceTree = "<group>"; };
		ADE2B9AE11B20F710041EACA /* sv */ = {isa = PBXFileReference; lastKnownFileType = text.plist.strings; name = sv; path = sv.lproj/ScreenCapture.strings; sourceTree = "<group>"; };
		ADE2B9AF11B20F760041EACA /* zh_CN */ = {isa = PBXFileReference; lastKnownFileType = text.plist.strings; name = zh_CN; path = zh_CN.lproj/ScreenCapture.strings; sourceTree = "<group>"; };
		ADE2B9B011B20F790041EACA /* zh_TW */ = {isa = PBXFileReference; lastKnownFileType = text.plist.strings; name = zh_TW; path = zh_TW.lproj/ScreenCapture.strings; sourceTree = "<group>"; };
/* End PBXFileReference section */

/* Begin PBXFrameworksBuildPhase section */
		1D60588F0D05DD3D006BFB54 /* Frameworks */ = {
			isa = PBXFrameworksBuildPhase;
			buildActionMask = 2147483647;
			files = (
				1D60589F0D05DD5A006BFB54 /* Foundation.framework in Frameworks */,
				1DF5F4E00D08C38300B7A737 /* UIKit.framework in Frameworks */,
				288765FD0DF74451002DB57D /* CoreGraphics.framework in Frameworks */,
				ADD8600A114ADFF9002B25A4 /* QuartzCore.framework in Frameworks */,
				AD4401B61167D115004238CC /* Security.framework in Frameworks */,
			);
			runOnlyForDeploymentPostprocessing = 0;
		};
/* End PBXFrameworksBuildPhase section */

/* Begin PBXGroup section */
		080E96DDFE201D6D7F000001 /* Classes */ = {
			isa = PBXGroup;
			children = (
				1D3623240D0F684500981E51 /* CloudAppAppDelegate.h */,
				1D3623250D0F684500981E51 /* CloudAppAppDelegate.m */,
				AD6C86EC113A3ACC00FFCB59 /* Settings View Controller */,
				AD77A15C1146EAD200862634 /* Upload View Controller */,
				AD44018C1167CBE1004238CC /* SFHFKeychainUtils.h */,
				AD44018D1167CBE1004238CC /* SFHFKeychainUtils.m */,
				AD6C858D1139929000FFCB59 /* UINavigationBar+NPBackgroundImage.h */,
				AD6C858E1139929000FFCB59 /* UINavigationBar+NPBackgroundImage.m */,
				ADAA8B631140496900E11314 /* NPHUDView.h */,
				ADAA8B641140496900E11314 /* NPHUDView.m */,
				ADD86000114ADDCD002B25A4 /* CLIlluminatedArrowView.h */,
				ADD86001114ADDCD002B25A4 /* CLIlluminatedArrowView.m */,
				AD4401881167CAA7004238CC /* CLPreferences.h */,
				AD4401891167CAA7004238CC /* CLPreferences.m */,
				AD39636E11658FC4004F80BD /* CLBigSpinnerView.h */,
				AD39636F11658FC4004F80BD /* CLBigSpinnerView.m */,
				ADD8617F114B1FE2002B25A4 /* UIImage+NPResizing.h */,
				ADD86180114B1FE2002B25A4 /* UIImage+NPResizing.m */,
				AD3962EA116588E6004F80BD /* API */,
			);
			path = Classes;
			sourceTree = "<group>";
		};
		19C28FACFE9D520D11CA2CBB /* Products */ = {
			isa = PBXGroup;
			children = (
				1D6058910D05DD3D006BFB54 /* CloudApp.app */,
			);
			name = Products;
			sourceTree = "<group>";
		};
		29B97314FDCFA39411CA2CEA /* CustomTemplate */ = {
			isa = PBXGroup;
			children = (
				080E96DDFE201D6D7F000001 /* Classes */,
				29B97315FDCFA39411CA2CEA /* Other Sources */,
				29B97317FDCFA39411CA2CEA /* Resources-iPhone */,
				29B97323FDCFA39411CA2CEA /* Frameworks */,
				19C28FACFE9D520D11CA2CBB /* Products */,
			);
			name = CustomTemplate;
			sourceTree = "<group>";
		};
		29B97315FDCFA39411CA2CEA /* Other Sources */ = {
			isa = PBXGroup;
			children = (
				32CA4F630368D1EE00C91783 /* CloudApp_Prefix.pch */,
				29B97316FDCFA39411CA2CEA /* main.m */,
			);
			name = "Other Sources";
			sourceTree = "<group>";
		};
		29B97317FDCFA39411CA2CEA /* Resources-iPhone */ = {
			isa = PBXGroup;
			children = (
				AD4403A21168C9D3004238CC /* SpinnerGlyph0.png */,
				4B62672911E8E02000BE6F19 /* Entitlements.plist */,
				AD4403A31168C9D3004238CC /* SpinnerGlyph1.png */,
				AD4403A41168C9D3004238CC /* SpinnerGlyph2.png */,
				AD4403A51168C9D3004238CC /* SpinnerGlyph3.png */,
				AD4403A61168C9D3004238CC /* SpinnerGlyph4.png */,
				AD4403A71168C9D3004238CC /* SpinnerGlyph5.png */,
				AD4403A81168C9D4004238CC /* SpinnerGlyph6.png */,
				AD4403A91168C9D4004238CC /* SpinnerGlyph7.png */,
				AD4403AA1168C9D4004238CC /* SpinnerGlyph8.png */,
				AD4403AB1168C9D4004238CC /* SpinnerGlyph9.png */,
				AD4403AC1168C9D4004238CC /* SpinnerGlyph10.png */,
				AD4403AD1168C9D4004238CC /* SpinnerGlyph11.png */,
				AD39635F11658F10004F80BD /* UnknownFile.png */,
				ADD8616D114B1A90002B25A4 /* CheckeredBackground.png */,
				ADD8602C114AE6C8002B25A4 /* ArrowViewArrow.png */,
				ADD8600F114AE237002B25A4 /* ArrowViewTouchedGlow.png */,
				ADD86010114AE237002B25A4 /* ArrowViewUntouchedGlow.png */,
				ADD86111114B07ED002B25A4 /* ArrowViewMask.png */,
				ADD85FC511470770002B25A4 /* Icon.png */,
				ADD85F751146FE89002B25A4 /* AddUploadGlyph.png */,
				ADD85F761146FE89002B25A4 /* SettingsGlyph.png */,
				ADAA8B91114064C100E11314 /* HUDSuccessGlyph.png */,
				AD6C861F113A314400FFCB59 /* SaveButtonDisabled.png */,
				AD6C8620113A314400FFCB59 /* SaveButtonNormal.png */,
				AD6C8621113A314400FFCB59 /* SaveButtonPressed.png */,
				AD6C8594113993EB00FFCB59 /* NavigationBarBackground.png */,
				ADD85F2F1146F59E002B25A4 /* TexturedBackgroundWithGlyph.png */,
				AD6C858B113990FB00FFCB59 /* TexturedBackground.png */,
				AD44015F1167C3A2004238CC /* HUDFailedGlyph.png */,
				ADE2B8E011B203580041EACA /* Default.png */,
				28AD733E0D9D9553002E5188 /* MainWindow.xib */,
				ADE2B98411B20F0A0041EACA /* ScreenCapture.strings */,
				8D1107310486CEB800E47090 /* CloudApp-Info.plist */,
			);
			name = "Resources-iPhone";
			sourceTree = "<group>";
		};
		29B97323FDCFA39411CA2CEA /* Frameworks */ = {
			isa = PBXGroup;
			children = (
				1DF5F4DF0D08C38300B7A737 /* UIKit.framework */,
				1D30AB110D05D00D00671497 /* Foundation.framework */,
				288765FC0DF74451002DB57D /* CoreGraphics.framework */,
				ADD86009114ADFF9002B25A4 /* QuartzCore.framework */,
				AD4401B51167D115004238CC /* Security.framework */,
			);
			name = Frameworks;
			sourceTree = "<group>";
		};
		AD3962EA116588E6004F80BD /* API */ = {
			isa = PBXGroup;
			children = (
				AD3962F7116588E7004F80BD /* Categories */,
				AD3962EB116588E6004F80BD /* CLAPIController.h */,
				AD3962EC116588E6004F80BD /* CLAPIController.m */,
				AD3962ED116588E6004F80BD /* CLAPIConnection.h */,
				AD3962EE116588E6004F80BD /* CLAPIConnection.m */,
				AD3962EF116588E6004F80BD /* CLAPIUpload.h */,
				AD3962F0116588E6004F80BD /* CLAPIUpload.m */,
				AD3962F1116588E6004F80BD /* CLAPIRedirectUpload.h */,
				AD3962F2116588E6004F80BD /* CLAPIRedirectUpload.m */,
				AD3962F3116588E7004F80BD /* CLAPIFileUpload.h */,
				AD3962F4116588E7004F80BD /* CLAPIFileUpload.m */,
				AD3962F5116588E7004F80BD /* CLUploadItem.h */,
				AD3962F6116588E7004F80BD /* CLUploadItem.m */,
			);
			name = API;
			sourceTree = "<group>";
		};
		AD3962F7116588E7004F80BD /* Categories */ = {
			isa = PBXGroup;
			children = (
				AD396301116588E7004F80BD /* NSMutableURLRequest+NPPostBody.h */,
				AD396302116588E7004F80BD /* NSMutableURLRequest+NPPostBody.m */,
				AD396303116588E7004F80BD /* NSString+NPMimeType.h */,
				AD396304116588E7004F80BD /* NSString+NPMimeType.m */,
				AD3962F8116588E7004F80BD /* BSJSONAdditions */,
			);
			name = Categories;
			sourceTree = "<group>";
		};
		AD3962F8116588E7004F80BD /* BSJSONAdditions */ = {
			isa = PBXGroup;
			children = (
				AD3962F9116588E7004F80BD /* NSArray+BSJSONAdditions.h */,
				AD3962FA116588E7004F80BD /* NSArray+BSJSONAdditions.m */,
				AD3962FB116588E7004F80BD /* NSDictionary+BSJSONAdditions.h */,
				AD3962FC116588E7004F80BD /* NSDictionary+BSJSONAdditions.m */,
				AD3962FD116588E7004F80BD /* NSScanner+BSJSONAdditions.h */,
				AD3962FE116588E7004F80BD /* NSScanner+BSJSONAdditions.m */,
				AD3962FF116588E7004F80BD /* NSString+BSJSONAdditions.h */,
				AD396300116588E7004F80BD /* NSString+BSJSONAdditions.m */,
			);
			name = BSJSONAdditions;
			sourceTree = "<group>";
		};
		AD6C86EC113A3ACC00FFCB59 /* Settings View Controller */ = {
			isa = PBXGroup;
			children = (
				AD6C85851139900600FFCB59 /* CLSettingsViewController.h */,
				AD6C85861139900600FFCB59 /* CLSettingsViewController.m */,
				AD6C85871139900600FFCB59 /* CLSettingsViewController.xib */,
			);
			name = "Settings View Controller";
			sourceTree = "<group>";
		};
		AD77A15C1146EAD200862634 /* Upload View Controller */ = {
			isa = PBXGroup;
			children = (
				AD77A1561146EACC00862634 /* CLUploadViewController.h */,
				AD77A1571146EACC00862634 /* CLUploadViewController.m */,
				AD77A1581146EACC00862634 /* CLUploadViewController.xib */,
			);
			name = "Upload View Controller";
			sourceTree = "<group>";
		};
/* End PBXGroup section */

/* Begin PBXNativeTarget section */
		1D6058900D05DD3D006BFB54 /* CloudApp */ = {
			isa = PBXNativeTarget;
			buildConfigurationList = 1D6058960D05DD3E006BFB54 /* Build configuration list for PBXNativeTarget "CloudApp" */;
			buildPhases = (
				1D60588D0D05DD3D006BFB54 /* Resources */,
				1D60588E0D05DD3D006BFB54 /* Sources */,
				1D60588F0D05DD3D006BFB54 /* Frameworks */,
			);
			buildRules = (
			);
			dependencies = (
			);
			name = CloudApp;
			productName = CloudApp;
			productReference = 1D6058910D05DD3D006BFB54 /* CloudApp.app */;
			productType = "com.apple.product-type.application";
		};
/* End PBXNativeTarget section */

/* Begin PBXProject section */
		29B97313FDCFA39411CA2CEA /* Project object */ = {
			isa = PBXProject;
			buildConfigurationList = C01FCF4E08A954540054247B /* Build configuration list for PBXProject "CloudApp" */;
			compatibilityVersion = "Xcode 3.1";
			hasScannedForEncodings = 1;
			knownRegions = (
				English,
				Japanese,
				French,
				German,
				da,
				Dutch,
				fi,
				Italian,
				ko,
				no,
				pl,
				ru,
				sv,
				zh_CN,
				zh_TW,
			);
			mainGroup = 29B97314FDCFA39411CA2CEA /* CustomTemplate */;
			projectDirPath = "";
			projectRoot = "";
			targets = (
				1D6058900D05DD3D006BFB54 /* CloudApp */,
			);
		};
/* End PBXProject section */

/* Begin PBXResourcesBuildPhase section */
		1D60588D0D05DD3D006BFB54 /* Resources */ = {
			isa = PBXResourcesBuildPhase;
			buildActionMask = 2147483647;
			files = (
				28AD733F0D9D9553002E5188 /* MainWindow.xib in Resources */,
				AD6C85891139900600FFCB59 /* CLSettingsViewController.xib in Resources */,
				AD6C858C113990FB00FFCB59 /* TexturedBackground.png in Resources */,
				AD6C8595113993EB00FFCB59 /* NavigationBarBackground.png in Resources */,
				AD6C8622113A314400FFCB59 /* SaveButtonDisabled.png in Resources */,
				AD6C8623113A314400FFCB59 /* SaveButtonNormal.png in Resources */,
				AD6C8624113A314400FFCB59 /* SaveButtonPressed.png in Resources */,
				ADAA8B92114064C100E11314 /* HUDSuccessGlyph.png in Resources */,
				AD77A15A1146EACC00862634 /* CLUploadViewController.xib in Resources */,
				ADD85F301146F59E002B25A4 /* TexturedBackgroundWithGlyph.png in Resources */,
				ADD85F771146FE89002B25A4 /* AddUploadGlyph.png in Resources */,
				ADD85F781146FE89002B25A4 /* SettingsGlyph.png in Resources */,
				ADD85FC611470770002B25A4 /* Icon.png in Resources */,
				ADD86011114AE237002B25A4 /* ArrowViewTouchedGlow.png in Resources */,
				ADD86012114AE237002B25A4 /* ArrowViewUntouchedGlow.png in Resources */,
				ADD8602D114AE6C8002B25A4 /* ArrowViewArrow.png in Resources */,
				ADD86112114B07ED002B25A4 /* ArrowViewMask.png in Resources */,
				ADD8616E114B1A90002B25A4 /* CheckeredBackground.png in Resources */,
				AD39636011658F10004F80BD /* UnknownFile.png in Resources */,
				AD4401601167C3A2004238CC /* HUDFailedGlyph.png in Resources */,
				AD4403AE1168C9D4004238CC /* SpinnerGlyph0.png in Resources */,
				AD4403AF1168C9D4004238CC /* SpinnerGlyph1.png in Resources */,
				AD4403B01168C9D4004238CC /* SpinnerGlyph2.png in Resources */,
				AD4403B11168C9D4004238CC /* SpinnerGlyph3.png in Resources */,
				AD4403B21168C9D4004238CC /* SpinnerGlyph4.png in Resources */,
				AD4403B31168C9D4004238CC /* SpinnerGlyph5.png in Resources */,
				AD4403B41168C9D4004238CC /* SpinnerGlyph6.png in Resources */,
				AD4403B51168C9D4004238CC /* SpinnerGlyph7.png in Resources */,
				AD4403B61168C9D4004238CC /* SpinnerGlyph8.png in Resources */,
				AD4403B71168C9D4004238CC /* SpinnerGlyph9.png in Resources */,
				AD4403B81168C9D4004238CC /* SpinnerGlyph10.png in Resources */,
				AD4403B91168C9D4004238CC /* SpinnerGlyph11.png in Resources */,
				ADE2B8E111B203580041EACA /* Default.png in Resources */,
				ADE2B98611B20F0A0041EACA /* ScreenCapture.strings in Resources */,
			);
			runOnlyForDeploymentPostprocessing = 0;
		};
/* End PBXResourcesBuildPhase section */

/* Begin PBXSourcesBuildPhase section */
		1D60588E0D05DD3D006BFB54 /* Sources */ = {
			isa = PBXSourcesBuildPhase;
			buildActionMask = 2147483647;
			files = (
				1D60589B0D05DD56006BFB54 /* main.m in Sources */,
				1D3623260D0F684500981E51 /* CloudAppAppDelegate.m in Sources */,
				AD6C85881139900600FFCB59 /* CLSettingsViewController.m in Sources */,
				AD6C858F1139929000FFCB59 /* UINavigationBar+NPBackgroundImage.m in Sources */,
				ADAA8B651140496900E11314 /* NPHUDView.m in Sources */,
				AD77A1591146EACC00862634 /* CLUploadViewController.m in Sources */,
				ADD86002114ADDCD002B25A4 /* CLIlluminatedArrowView.m in Sources */,
				ADD86181114B1FE2002B25A4 /* UIImage+NPResizing.m in Sources */,
				AD396305116588E7004F80BD /* CLAPIController.m in Sources */,
				AD396306116588E7004F80BD /* CLAPIConnection.m in Sources */,
				AD396307116588E7004F80BD /* CLAPIUpload.m in Sources */,
				AD396308116588E7004F80BD /* CLAPIRedirectUpload.m in Sources */,
				AD396309116588E7004F80BD /* CLAPIFileUpload.m in Sources */,
				AD39630A116588E7004F80BD /* CLUploadItem.m in Sources */,
				AD39630B116588E7004F80BD /* NSArray+BSJSONAdditions.m in Sources */,
				AD39630C116588E7004F80BD /* NSDictionary+BSJSONAdditions.m in Sources */,
				AD39630D116588E7004F80BD /* NSScanner+BSJSONAdditions.m in Sources */,
				AD39630E116588E7004F80BD /* NSString+BSJSONAdditions.m in Sources */,
				AD39630F116588E7004F80BD /* NSMutableURLRequest+NPPostBody.m in Sources */,
				AD396310116588E7004F80BD /* NSString+NPMimeType.m in Sources */,
				AD39637011658FC4004F80BD /* CLBigSpinnerView.m in Sources */,
				AD44018A1167CAA7004238CC /* CLPreferences.m in Sources */,
				AD44018E1167CBE1004238CC /* SFHFKeychainUtils.m in Sources */,
			);
			runOnlyForDeploymentPostprocessing = 0;
		};
/* End PBXSourcesBuildPhase section */

/* Begin PBXVariantGroup section */
		ADE2B98411B20F0A0041EACA /* ScreenCapture.strings */ = {
			isa = PBXVariantGroup;
			children = (
				ADE2B98511B20F0A0041EACA /* English */,
				ADE2B9A411B20F3F0041EACA /* Dutch */,
				ADE2B9A511B20F480041EACA /* da */,
				ADE2B9A611B20F4D0041EACA /* fi */,
				ADE2B9A711B20F500041EACA /* French */,
				ADE2B9A811B20F530041EACA /* German */,
				ADE2B9A911B20F580041EACA /* Italian */,
				ADE2B9AA11B20F5C0041EACA /* ko */,
				ADE2B9AB11B20F5F0041EACA /* no */,
				ADE2B9AC11B20F660041EACA /* pl */,
				ADE2B9AD11B20F6D0041EACA /* ru */,
				ADE2B9AE11B20F710041EACA /* sv */,
				ADE2B9AF11B20F760041EACA /* zh_CN */,
				ADE2B9B011B20F790041EACA /* zh_TW */,
			);
			name = ScreenCapture.strings;
			sourceTree = "<group>";
		};
/* End PBXVariantGroup section */

/* Begin XCBuildConfiguration section */
		1D6058940D05DD3E006BFB54 /* Debug */ = {
			isa = XCBuildConfiguration;
			buildSettings = {
				ALWAYS_SEARCH_USER_PATHS = NO;
				CODE_SIGN_ENTITLEMENTS = Entitlements.plist;
				"CODE_SIGN_IDENTITY[sdk=iphoneos*]" = "iPhone Developer";
				COPY_PHASE_STRIP = NO;
				GCC_DYNAMIC_NO_PIC = NO;
				GCC_OPTIMIZATION_LEVEL = 0;
				GCC_PRECOMPILE_PREFIX_HEADER = YES;
				GCC_PREFIX_HEADER = CloudApp_Prefix.pch;
				INFOPLIST_FILE = "CloudApp-Info.plist";
				PRODUCT_NAME = CloudApp;
				"PROVISIONING_PROFILE[sdk=iphoneos*]" = "";
				SDKROOT = iphoneos4.0;
				VALIDATE_PRODUCT = NO;
			};
			name = Debug;
		};
		1D6058950D05DD3E006BFB54 /* Release */ = {
			isa = XCBuildConfiguration;
			buildSettings = {
				ALWAYS_SEARCH_USER_PATHS = NO;
				CODE_SIGN_ENTITLEMENTS = Entitlements.plist;
				"CODE_SIGN_IDENTITY[sdk=iphoneos*]" = "iPhone Distribution: Linebreak SL";
				COPY_PHASE_STRIP = YES;
				GCC_PRECOMPILE_PREFIX_HEADER = YES;
				GCC_PREFIX_HEADER = CloudApp_Prefix.pch;
				INFOPLIST_FILE = "CloudApp-Info.plist";
				PRODUCT_NAME = CloudApp;
				"PROVISIONING_PROFILE[sdk=iphoneos*]" = "A2926F2B-AD21-4F88-8ED5-AE15BC3403BB";
				SDKROOT = iphoneos3.1;
				VALIDATE_PRODUCT = YES;
			};
			name = Release;
		};
		C01FCF4F08A954540054247B /* Debug */ = {
			isa = XCBuildConfiguration;
			buildSettings = {
				ARCHS = "$(ARCHS_STANDARD_32_BIT)";
				"CODE_SIGN_IDENTITY[sdk=iphoneos*]" = "iPhone Developer";
				GCC_C_LANGUAGE_STANDARD = c99;
				GCC_WARN_ABOUT_RETURN_TYPE = YES;
				GCC_WARN_UNUSED_VARIABLE = YES;
				PREBINDING = NO;
				SDKROOT = iphoneos3.2;
			};
			name = Debug;
		};
		C01FCF5008A954540054247B /* Release */ = {
			isa = XCBuildConfiguration;
			buildSettings = {
				ARCHS = "$(ARCHS_STANDARD_32_BIT)";
				CODE_SIGN_ENTITLEMENTS = Entitlements.plist;
				"CODE_SIGN_IDENTITY[sdk=iphoneos*]" = "iPhone Distribution";
				GCC_C_LANGUAGE_STANDARD = c99;
				GCC_WARN_ABOUT_RETURN_TYPE = YES;
				GCC_WARN_UNUSED_VARIABLE = YES;
				OTHER_CFLAGS = "-DNS_BLOCK_ASSERTIONS=1";
				PREBINDING = NO;
				"PROVISIONING_PROFILE[sdk=iphoneos*]" = "";
				SDKROOT = iphoneos3.2;
			};
			name = Release;
		};
/* End XCBuildConfiguration section */

/* Begin XCConfigurationList section */
		1D6058960D05DD3E006BFB54 /* Build configuration list for PBXNativeTarget "CloudApp" */ = {
			isa = XCConfigurationList;
			buildConfigurations = (
				1D6058940D05DD3E006BFB54 /* Debug */,
				1D6058950D05DD3E006BFB54 /* Release */,
			);
			defaultConfigurationIsVisible = 0;
			defaultConfigurationName = Release;
		};
		C01FCF4E08A954540054247B /* Build configuration list for PBXProject "CloudApp" */ = {
			isa = XCConfigurationList;
			buildConfigurations = (
				C01FCF4F08A954540054247B /* Debug */,
				C01FCF5008A954540054247B /* Release */,
			);
			defaultConfigurationIsVisible = 0;
			defaultConfigurationName = Release;
		};
/* End XCConfigurationList section */
	};
	rootObject = 29B97313FDCFA39411CA2CEA /* Project object */;
}
